// !$*UTF8*$!
{
	archiveVersion = 1;
	classes = {
	};
	objectVersion = 50;
	objects = {

/* Begin PBXBuildFile section */
		11268B36A9A3E7C03BC012C9 /* Pretendard-Medium.otf in Resources */ = {isa = PBXBuildFile; fileRef = CA19D0E1A1DDDB474CA1BAAF /* Pretendard-Medium.otf */; };
		1399D813DB86AFFE1FE86FA6 /* Fonts+CommonUI.swift in Sources */ = {isa = PBXBuildFile; fileRef = 0F33F6AC296FDCC695414FF4 /* Fonts+CommonUI.swift */; };
		1E3D50B3B8E98CD999164947 /* Pretendard-SemiBold.otf in Resources */ = {isa = PBXBuildFile; fileRef = E44758A2D7B63C0B9D1A4FCA /* Pretendard-SemiBold.otf */; };
		366C8F59F26EFE0811A63662 /* Assets+CommonUI.swift in Sources */ = {isa = PBXBuildFile; fileRef = EB4D45D23EFC271CBD9B1E38 /* Assets+CommonUI.swift */; };
		3D811F8C92514D511EC18209 /* Pretendard-ExtraBold.otf in Resources */ = {isa = PBXBuildFile; fileRef = BD20C841392807058E9D641D /* Pretendard-ExtraBold.otf */; };
		469DAC30ABF2E94E10A91EDD /* Pretendard-ExtraLight.otf in Resources */ = {isa = PBXBuildFile; fileRef = 9254DE170E2C9EF46BC208F7 /* Pretendard-ExtraLight.otf */; };
		5124F19EAF6E494A6A4D65AB /* Pretendard-Bold.otf in Resources */ = {isa = PBXBuildFile; fileRef = E4B2BF4F730A5E0ED16E36AF /* Pretendard-Bold.otf */; };
		58B702764F53366CA63D89D8 /* Asset.xcassets in Resources */ = {isa = PBXBuildFile; fileRef = 4BB1AB775A07E3583B8990C0 /* Asset.xcassets */; };
		6DF53877516FF3BBE2AEEE2C /* Bundle+CommonUI.swift in Sources */ = {isa = PBXBuildFile; fileRef = B0A0B3A9E53E221B4F40070F /* Bundle+CommonUI.swift */; };
		9F96C553D6B996A70CA7104D /* AppTests.swift in Sources */ = {isa = PBXBuildFile; fileRef = AA9CD994C7FF02BB0FCD22F5 /* AppTests.swift */; };
		A5B92BA8E5B0B95831CD7594 /* CommonUI.framework in Frameworks */ = {isa = PBXBuildFile; fileRef = F0F7A08F911F04FE3F6FE36B /* CommonUI.framework */; platformFilter = ios; };
		C12EDC11E38F8E7DEA4DE75F /* RxTest.framework in Frameworks */ = {isa = PBXBuildFile; fileRef = C6EF530A9F924851573B4D1B /* RxTest.framework */; platformFilter = ios; };
		DD7B6D9C2F1E0E84CD5BF6EA /* Pretendard-Light.otf in Resources */ = {isa = PBXBuildFile; fileRef = 020FA6830603738802E49FCF /* Pretendard-Light.otf */; };
		ED1E63BC85DC5B2B973F638A /* Pretendard-Regular.otf in Resources */ = {isa = PBXBuildFile; fileRef = D6612D66D41B57CE16B6873D /* Pretendard-Regular.otf */; };
		F3C1D6C870EA9AC44134B7D6 /* UIColor+Extensions.swift in Sources */ = {isa = PBXBuildFile; fileRef = 0CB21508C22C7CADCBA98372 /* UIColor+Extensions.swift */; };
/* End PBXBuildFile section */

/* Begin PBXContainerItemProxy section */
		160013C88318BC90CD0C2DE9 /* PBXContainerItemProxy */ = {
			isa = PBXContainerItemProxy;
			containerPortal = C67E63A1F9DE3A88CFB79F4C /* Project object */;
			proxyType = 1;
			remoteGlobalIDString = CFD7DEB690E20277121FAD5C;
			remoteInfo = CommonUI;
		};
/* End PBXContainerItemProxy section */

/* Begin PBXCopyFilesBuildPhase section */
		35886D70B92CFF384ABA08E2 /* Embed Frameworks */ = {
			isa = PBXCopyFilesBuildPhase;
			buildActionMask = 2147483647;
			dstPath = "";
			dstSubfolderSpec = 10;
			files = (
			);
			name = "Embed Frameworks";
			runOnlyForDeploymentPostprocessing = 0;
		};
		7E5D2362B44E35B4AE269DFE /* Embed Frameworks */ = {
			isa = PBXCopyFilesBuildPhase;
			buildActionMask = 2147483647;
			dstPath = "";
			dstSubfolderSpec = 10;
			files = (
			);
			name = "Embed Frameworks";
			runOnlyForDeploymentPostprocessing = 0;
		};
/* End PBXCopyFilesBuildPhase section */

/* Begin PBXFileReference section */
		020FA6830603738802E49FCF /* Pretendard-Light.otf */ = {isa = PBXFileReference; path = "Pretendard-Light.otf"; sourceTree = "<group>"; };
		0CB21508C22C7CADCBA98372 /* UIColor+Extensions.swift */ = {isa = PBXFileReference; lastKnownFileType = sourcecode.swift; path = "UIColor+Extensions.swift"; sourceTree = "<group>"; };
		0F33F6AC296FDCC695414FF4 /* Fonts+CommonUI.swift */ = {isa = PBXFileReference; lastKnownFileType = sourcecode.swift; path = "Fonts+CommonUI.swift"; sourceTree = "<group>"; };
		48BE6369EDFE9A010358AD9C /* CommonUITests.plist */ = {isa = PBXFileReference; lastKnownFileType = text.plist; path = CommonUITests.plist; sourceTree = "<group>"; };
		4BB1AB775A07E3583B8990C0 /* Asset.xcassets */ = {isa = PBXFileReference; lastKnownFileType = folder.assetcatalog; path = Asset.xcassets; sourceTree = "<group>"; };
		9254DE170E2C9EF46BC208F7 /* Pretendard-ExtraLight.otf */ = {isa = PBXFileReference; path = "Pretendard-ExtraLight.otf"; sourceTree = "<group>"; };
		94BDDAFD0F1A702B3BAACE2E /* CommonUI.plist */ = {isa = PBXFileReference; lastKnownFileType = text.plist; path = CommonUI.plist; sourceTree = "<group>"; };
		A5D40077623D17508E9E3D41 /* CommonUITests.xctest */ = {isa = PBXFileReference; explicitFileType = wrapper.cfbundle; includeInIndex = 0; path = CommonUITests.xctest; sourceTree = BUILT_PRODUCTS_DIR; };
		AA9CD994C7FF02BB0FCD22F5 /* AppTests.swift */ = {isa = PBXFileReference; lastKnownFileType = sourcecode.swift; path = AppTests.swift; sourceTree = "<group>"; };
		B0A0B3A9E53E221B4F40070F /* Bundle+CommonUI.swift */ = {isa = PBXFileReference; lastKnownFileType = sourcecode.swift; path = "Bundle+CommonUI.swift"; sourceTree = "<group>"; };
		BD20C841392807058E9D641D /* Pretendard-ExtraBold.otf */ = {isa = PBXFileReference; path = "Pretendard-ExtraBold.otf"; sourceTree = "<group>"; };
		C6EF530A9F924851573B4D1B /* RxTest.framework */ = {isa = PBXFileReference; explicitFileType = wrapper.framework; includeInIndex = 0; path = RxTest.framework; sourceTree = BUILT_PRODUCTS_DIR; };
		CA19D0E1A1DDDB474CA1BAAF /* Pretendard-Medium.otf */ = {isa = PBXFileReference; path = "Pretendard-Medium.otf"; sourceTree = "<group>"; };
		D6612D66D41B57CE16B6873D /* Pretendard-Regular.otf */ = {isa = PBXFileReference; path = "Pretendard-Regular.otf"; sourceTree = "<group>"; };
		E44758A2D7B63C0B9D1A4FCA /* Pretendard-SemiBold.otf */ = {isa = PBXFileReference; path = "Pretendard-SemiBold.otf"; sourceTree = "<group>"; };
		E4B2BF4F730A5E0ED16E36AF /* Pretendard-Bold.otf */ = {isa = PBXFileReference; path = "Pretendard-Bold.otf"; sourceTree = "<group>"; };
		EB4D45D23EFC271CBD9B1E38 /* Assets+CommonUI.swift */ = {isa = PBXFileReference; lastKnownFileType = sourcecode.swift; path = "Assets+CommonUI.swift"; sourceTree = "<group>"; };
		F0F7A08F911F04FE3F6FE36B /* CommonUI.framework */ = {isa = PBXFileReference; explicitFileType = wrapper.framework; includeInIndex = 0; path = CommonUI.framework; sourceTree = BUILT_PRODUCTS_DIR; };
/* End PBXFileReference section */

/* Begin PBXFrameworksBuildPhase section */
		019024A9B9C2876B4A2475B2 /* Frameworks */ = {
			isa = PBXFrameworksBuildPhase;
			buildActionMask = 2147483647;
			files = (
			);
			runOnlyForDeploymentPostprocessing = 0;
		};
		AE31AF40A2FABEEE63744ABC /* Frameworks */ = {
			isa = PBXFrameworksBuildPhase;
			buildActionMask = 2147483647;
			files = (
				A5B92BA8E5B0B95831CD7594 /* CommonUI.framework in Frameworks */,
				C12EDC11E38F8E7DEA4DE75F /* RxTest.framework in Frameworks */,
			);
			runOnlyForDeploymentPostprocessing = 0;
		};
/* End PBXFrameworksBuildPhase section */

/* Begin PBXGroup section */
		0559206105CFA6813150DAF7 /* Resources */ = {
			isa = PBXGroup;
			children = (
				5641BE45FCCAA5B61332385A /* Font */,
				4BB1AB775A07E3583B8990C0 /* Asset.xcassets */,
			);
			path = Resources;
			sourceTree = "<group>";
		};
		0F49D4827BA050D487C56BDB /* InfoPlists */ = {
			isa = PBXGroup;
			children = (
				94BDDAFD0F1A702B3BAACE2E /* CommonUI.plist */,
				48BE6369EDFE9A010358AD9C /* CommonUITests.plist */,
			);
			path = InfoPlists;
			sourceTree = "<group>";
		};
		5641BE45FCCAA5B61332385A /* Font */ = {
			isa = PBXGroup;
			children = (
				E4B2BF4F730A5E0ED16E36AF /* Pretendard-Bold.otf */,
				BD20C841392807058E9D641D /* Pretendard-ExtraBold.otf */,
				9254DE170E2C9EF46BC208F7 /* Pretendard-ExtraLight.otf */,
				020FA6830603738802E49FCF /* Pretendard-Light.otf */,
				CA19D0E1A1DDDB474CA1BAAF /* Pretendard-Medium.otf */,
				D6612D66D41B57CE16B6873D /* Pretendard-Regular.otf */,
				E44758A2D7B63C0B9D1A4FCA /* Pretendard-SemiBold.otf */,
			);
			path = Font;
			sourceTree = "<group>";
		};
		6C37E0F3E17EB24142CC8AA4 /* Project */ = {
			isa = PBXGroup;
			children = (
				ED0A8ABB0829010226C84076 /* Derived */,
				0559206105CFA6813150DAF7 /* Resources */,
				BADD047B94176A526A5B7FB2 /* Sources */,
				8F8AEEF18FAB4A37215E52B5 /* Tests */,
			);
			name = Project;
			sourceTree = "<group>";
		};
		8F8AEEF18FAB4A37215E52B5 /* Tests */ = {
			isa = PBXGroup;
			children = (
				AA9CD994C7FF02BB0FCD22F5 /* AppTests.swift */,
			);
			path = Tests;
			sourceTree = "<group>";
		};
		B7342C91FB26C6BB1D507B58 = {
			isa = PBXGroup;
			children = (
				6C37E0F3E17EB24142CC8AA4 /* Project */,
				B7B1DEC0973D64A42466F1E7 /* Frameworks */,
				E9599493962ACA9F628F96AD /* Products */,
			);
			sourceTree = "<group>";
		};
		B7B1DEC0973D64A42466F1E7 /* Frameworks */ = {
			isa = PBXGroup;
			children = (
			);
			name = Frameworks;
			sourceTree = "<group>";
		};
		BADD047B94176A526A5B7FB2 /* Sources */ = {
			isa = PBXGroup;
			children = (
				0CB21508C22C7CADCBA98372 /* UIColor+Extensions.swift */,
			);
			path = Sources;
			sourceTree = "<group>";
		};
		E9599493962ACA9F628F96AD /* Products */ = {
			isa = PBXGroup;
			children = (
				F0F7A08F911F04FE3F6FE36B /* CommonUI.framework */,
				A5D40077623D17508E9E3D41 /* CommonUITests.xctest */,
				C6EF530A9F924851573B4D1B /* RxTest.framework */,
			);
			name = Products;
			sourceTree = "<group>";
		};
		ED0A8ABB0829010226C84076 /* Derived */ = {
			isa = PBXGroup;
			children = (
				0F49D4827BA050D487C56BDB /* InfoPlists */,
				FD4BF00B0AE4D6F21A22093D /* Sources */,
			);
			path = Derived;
			sourceTree = "<group>";
		};
		FD4BF00B0AE4D6F21A22093D /* Sources */ = {
			isa = PBXGroup;
			children = (
				EB4D45D23EFC271CBD9B1E38 /* Assets+CommonUI.swift */,
				B0A0B3A9E53E221B4F40070F /* Bundle+CommonUI.swift */,
				0F33F6AC296FDCC695414FF4 /* Fonts+CommonUI.swift */,
			);
			path = Sources;
			sourceTree = "<group>";
		};
/* End PBXGroup section */

/* Begin PBXNativeTarget section */
		CFD7DEB690E20277121FAD5C /* CommonUI */ = {
			isa = PBXNativeTarget;
			buildConfigurationList = C1AED4BFC5CCF862DE9E868E /* Build configuration list for PBXNativeTarget "CommonUI" */;
			buildPhases = (
				CA007B15C97B01A9EAFEDFD9 /* Sources */,
				CB6B4419FC4745B0E87B8C68 /* Resources */,
				7E5D2362B44E35B4AE269DFE /* Embed Frameworks */,
				019024A9B9C2876B4A2475B2 /* Frameworks */,
			);
			buildRules = (
			);
			dependencies = (
			);
			name = CommonUI;
			productName = CommonUI;
			productReference = F0F7A08F911F04FE3F6FE36B /* CommonUI.framework */;
			productType = "com.apple.product-type.framework";
		};
		EDAB8291F2D457496E91E9DD /* CommonUITests */ = {
			isa = PBXNativeTarget;
			buildConfigurationList = 4A0530025CE6E204D4849CF4 /* Build configuration list for PBXNativeTarget "CommonUITests" */;
			buildPhases = (
				6A6583D36F104E6B82F6AA55 /* Sources */,
				A49C6FD2469AAE6C9D2D2D30 /* Resources */,
				35886D70B92CFF384ABA08E2 /* Embed Frameworks */,
				AE31AF40A2FABEEE63744ABC /* Frameworks */,
			);
			buildRules = (
			);
			dependencies = (
				6AE58FB09295D63C74475524 /* PBXTargetDependency */,
			);
			name = CommonUITests;
			productName = CommonUITests;
			productReference = A5D40077623D17508E9E3D41 /* CommonUITests.xctest */;
			productType = "com.apple.product-type.bundle.unit-test";
		};
/* End PBXNativeTarget section */

/* Begin PBXProject section */
		C67E63A1F9DE3A88CFB79F4C /* Project object */ = {
			isa = PBXProject;
			attributes = {
				ORGANIZATIONNAME = team.io;
				TargetAttributes = {
				};
			};
			buildConfigurationList = 26B57D5F96290632B0503228 /* Build configuration list for PBXProject "CommonUI" */;
			compatibilityVersion = "Xcode 13.0";
			developmentRegion = en;
			hasScannedForEncodings = 0;
			knownRegions = (
				Base,
				en,
			);
			mainGroup = B7342C91FB26C6BB1D507B58;
			productRefGroup = E9599493962ACA9F628F96AD /* Products */;
			projectDirPath = "";
			projectRoot = "";
			targets = (
				CFD7DEB690E20277121FAD5C /* CommonUI */,
				EDAB8291F2D457496E91E9DD /* CommonUITests */,
			);
		};
/* End PBXProject section */

/* Begin PBXResourcesBuildPhase section */
		A49C6FD2469AAE6C9D2D2D30 /* Resources */ = {
			isa = PBXResourcesBuildPhase;
			buildActionMask = 2147483647;
			files = (
			);
			runOnlyForDeploymentPostprocessing = 0;
		};
		CB6B4419FC4745B0E87B8C68 /* Resources */ = {
			isa = PBXResourcesBuildPhase;
			buildActionMask = 2147483647;
			files = (
				58B702764F53366CA63D89D8 /* Asset.xcassets in Resources */,
				5124F19EAF6E494A6A4D65AB /* Pretendard-Bold.otf in Resources */,
				3D811F8C92514D511EC18209 /* Pretendard-ExtraBold.otf in Resources */,
				469DAC30ABF2E94E10A91EDD /* Pretendard-ExtraLight.otf in Resources */,
				DD7B6D9C2F1E0E84CD5BF6EA /* Pretendard-Light.otf in Resources */,
				11268B36A9A3E7C03BC012C9 /* Pretendard-Medium.otf in Resources */,
				ED1E63BC85DC5B2B973F638A /* Pretendard-Regular.otf in Resources */,
				1E3D50B3B8E98CD999164947 /* Pretendard-SemiBold.otf in Resources */,
			);
			runOnlyForDeploymentPostprocessing = 0;
		};
/* End PBXResourcesBuildPhase section */

/* Begin PBXSourcesBuildPhase section */
		6A6583D36F104E6B82F6AA55 /* Sources */ = {
			isa = PBXSourcesBuildPhase;
			buildActionMask = 2147483647;
			files = (
				9F96C553D6B996A70CA7104D /* AppTests.swift in Sources */,
			);
			runOnlyForDeploymentPostprocessing = 0;
		};
		CA007B15C97B01A9EAFEDFD9 /* Sources */ = {
			isa = PBXSourcesBuildPhase;
			buildActionMask = 2147483647;
			files = (
				366C8F59F26EFE0811A63662 /* Assets+CommonUI.swift in Sources */,
				6DF53877516FF3BBE2AEEE2C /* Bundle+CommonUI.swift in Sources */,
				1399D813DB86AFFE1FE86FA6 /* Fonts+CommonUI.swift in Sources */,
				F3C1D6C870EA9AC44134B7D6 /* UIColor+Extensions.swift in Sources */,
			);
			runOnlyForDeploymentPostprocessing = 0;
		};
/* End PBXSourcesBuildPhase section */

/* Begin PBXTargetDependency section */
		6AE58FB09295D63C74475524 /* PBXTargetDependency */ = {
			isa = PBXTargetDependency;
			name = CommonUI;
			target = CFD7DEB690E20277121FAD5C /* CommonUI */;
			targetProxy = 160013C88318BC90CD0C2DE9 /* PBXContainerItemProxy */;
		};
/* End PBXTargetDependency section */

/* Begin XCBuildConfiguration section */
		0E4E1CF27F4999888314DD6E /* Release */ = {
			isa = XCBuildConfiguration;
			buildSettings = {
				CODE_SIGN_IDENTITY = "";
				CURRENT_PROJECT_VERSION = 1;
				DEFINES_MODULE = YES;
				DYLIB_COMPATIBILITY_VERSION = 1;
				DYLIB_CURRENT_VERSION = 1;
				DYLIB_INSTALL_NAME_BASE = "@rpath";
				INFOPLIST_FILE = Derived/InfoPlists/CommonUI.plist;
				INSTALL_PATH = "$(LOCAL_LIBRARY_DIR)/Frameworks";
				IPHONEOS_DEPLOYMENT_TARGET = 14.0;
				LD_RUNPATH_SEARCH_PATHS = (
					"$(inherited)",
					"@executable_path/Frameworks",
					"@loader_path/Frameworks",
				);
				PRODUCT_BUNDLE_IDENTIFIER = team.io.CommonUI;
				PRODUCT_NAME = CommonUI;
				SDKROOT = iphoneos;
				SKIP_INSTALL = YES;
				SUPPORTS_MACCATALYST = NO;
				SWIFT_COMPILATION_MODE = wholemodule;
				SWIFT_OPTIMIZATION_LEVEL = "-Owholemodule";
				SWIFT_VERSION = 5.6.1;
				TARGETED_DEVICE_FAMILY = 1;
				VERSIONING_SYSTEM = "apple-generic";
				VERSION_INFO_PREFIX = "";
			};
			name = Release;
		};
		2356568DA9065EA61F6C326C /* Release */ = {
			isa = XCBuildConfiguration;
			buildSettings = {
				ALWAYS_SEARCH_USER_PATHS = NO;
				CLANG_ANALYZER_LOCALIZABILITY_NONLOCALIZED = YES;
				CLANG_ANALYZER_NONNULL = YES;
				CLANG_ANALYZER_NUMBER_OBJECT_CONVERSION = YES_AGGRESSIVE;
				CLANG_CXX_LANGUAGE_STANDARD = "gnu++14";
				CLANG_CXX_LIBRARY = "libc++";
				CLANG_ENABLE_MODULES = YES;
				CLANG_ENABLE_OBJC_ARC = YES;
				CLANG_ENABLE_OBJC_WEAK = YES;
				CLANG_WARN_BLOCK_CAPTURE_AUTORELEASING = YES;
				CLANG_WARN_BOOL_CONVERSION = YES;
				CLANG_WARN_COMMA = YES;
				CLANG_WARN_CONSTANT_CONVERSION = YES;
				CLANG_WARN_DEPRECATED_OBJC_IMPLEMENTATIONS = YES;
				CLANG_WARN_DIRECT_OBJC_ISA_USAGE = YES_ERROR;
				CLANG_WARN_DOCUMENTATION_COMMENTS = YES;
				CLANG_WARN_EMPTY_BODY = YES;
				CLANG_WARN_ENUM_CONVERSION = YES;
				CLANG_WARN_INFINITE_RECURSION = YES;
				CLANG_WARN_INT_CONVERSION = YES;
				CLANG_WARN_NON_LITERAL_NULL_CONVERSION = YES;
				CLANG_WARN_OBJC_IMPLICIT_RETAIN_SELF = YES;
				CLANG_WARN_OBJC_LITERAL_CONVERSION = YES;
				CLANG_WARN_OBJC_ROOT_CLASS = YES_ERROR;
				CLANG_WARN_QUOTED_INCLUDE_IN_FRAMEWORK_HEADER = YES;
				CLANG_WARN_RANGE_LOOP_ANALYSIS = YES;
				CLANG_WARN_STRICT_PROTOTYPES = YES;
				CLANG_WARN_SUSPICIOUS_MOVE = YES;
				CLANG_WARN_UNGUARDED_AVAILABILITY = YES_AGGRESSIVE;
				CLANG_WARN_UNREACHABLE_CODE = YES;
				CLANG_WARN__DUPLICATE_METHOD_MATCH = YES;
				COPY_PHASE_STRIP = NO;
				DEBUG_INFORMATION_FORMAT = "dwarf-with-dsym";
				ENABLE_NS_ASSERTIONS = NO;
				ENABLE_STRICT_OBJC_MSGSEND = YES;
				GCC_C_LANGUAGE_STANDARD = gnu11;
				GCC_NO_COMMON_BLOCKS = YES;
				GCC_WARN_64_TO_32_BIT_CONVERSION = YES;
				GCC_WARN_ABOUT_RETURN_TYPE = YES_ERROR;
				GCC_WARN_UNDECLARED_SELECTOR = YES;
				GCC_WARN_UNINITIALIZED_AUTOS = YES_AGGRESSIVE;
				GCC_WARN_UNUSED_FUNCTION = YES;
				GCC_WARN_UNUSED_VARIABLE = YES;
				MTL_ENABLE_DEBUG_INFO = NO;
				PRODUCT_NAME = "$(TARGET_NAME)";
				VALIDATE_PRODUCT = YES;
			};
			name = Release;
		};
		80E77F13FB31D98A578B4C4D /* Debug */ = {
			isa = XCBuildConfiguration;
			buildSettings = {
				CODE_SIGN_IDENTITY = "";
				CURRENT_PROJECT_VERSION = 1;
				DEFINES_MODULE = YES;
				DYLIB_COMPATIBILITY_VERSION = 1;
				DYLIB_CURRENT_VERSION = 1;
				DYLIB_INSTALL_NAME_BASE = "@rpath";
				INFOPLIST_FILE = Derived/InfoPlists/CommonUI.plist;
				INSTALL_PATH = "$(LOCAL_LIBRARY_DIR)/Frameworks";
				IPHONEOS_DEPLOYMENT_TARGET = 14.0;
				LD_RUNPATH_SEARCH_PATHS = (
					"$(inherited)",
					"@executable_path/Frameworks",
					"@loader_path/Frameworks",
				);
				PRODUCT_BUNDLE_IDENTIFIER = team.io.CommonUI;
				PRODUCT_NAME = CommonUI;
				SDKROOT = iphoneos;
				SKIP_INSTALL = YES;
				SUPPORTS_MACCATALYST = NO;
				SWIFT_ACTIVE_COMPILATION_CONDITIONS = DEBUG;
				SWIFT_COMPILATION_MODE = singlefile;
				SWIFT_OPTIMIZATION_LEVEL = "-Onone";
				SWIFT_VERSION = 5.6.1;
				TARGETED_DEVICE_FAMILY = 1;
				VERSIONING_SYSTEM = "apple-generic";
				VERSION_INFO_PREFIX = "";
			};
			name = Debug;
		};
		97D3BBAC2BAA043EAC284BF9 /* Debug */ = {
			isa = XCBuildConfiguration;
			buildSettings = {
				ALWAYS_SEARCH_USER_PATHS = NO;
				CLANG_ANALYZER_LOCALIZABILITY_NONLOCALIZED = YES;
				CLANG_ANALYZER_NONNULL = YES;
				CLANG_ANALYZER_NUMBER_OBJECT_CONVERSION = YES_AGGRESSIVE;
				CLANG_CXX_LANGUAGE_STANDARD = "gnu++14";
				CLANG_CXX_LIBRARY = "libc++";
				CLANG_ENABLE_MODULES = YES;
				CLANG_ENABLE_OBJC_ARC = YES;
				CLANG_ENABLE_OBJC_WEAK = YES;
				CLANG_WARN_BLOCK_CAPTURE_AUTORELEASING = YES;
				CLANG_WARN_BOOL_CONVERSION = YES;
				CLANG_WARN_COMMA = YES;
				CLANG_WARN_CONSTANT_CONVERSION = YES;
				CLANG_WARN_DEPRECATED_OBJC_IMPLEMENTATIONS = YES;
				CLANG_WARN_DIRECT_OBJC_ISA_USAGE = YES_ERROR;
				CLANG_WARN_DOCUMENTATION_COMMENTS = YES;
				CLANG_WARN_EMPTY_BODY = YES;
				CLANG_WARN_ENUM_CONVERSION = YES;
				CLANG_WARN_INFINITE_RECURSION = YES;
				CLANG_WARN_INT_CONVERSION = YES;
				CLANG_WARN_NON_LITERAL_NULL_CONVERSION = YES;
				CLANG_WARN_OBJC_IMPLICIT_RETAIN_SELF = YES;
				CLANG_WARN_OBJC_LITERAL_CONVERSION = YES;
				CLANG_WARN_OBJC_ROOT_CLASS = YES_ERROR;
				CLANG_WARN_QUOTED_INCLUDE_IN_FRAMEWORK_HEADER = YES;
				CLANG_WARN_RANGE_LOOP_ANALYSIS = YES;
				CLANG_WARN_STRICT_PROTOTYPES = YES;
				CLANG_WARN_SUSPICIOUS_MOVE = YES;
				CLANG_WARN_UNGUARDED_AVAILABILITY = YES_AGGRESSIVE;
				CLANG_WARN_UNREACHABLE_CODE = YES;
				CLANG_WARN__DUPLICATE_METHOD_MATCH = YES;
				COPY_PHASE_STRIP = NO;
				DEBUG_INFORMATION_FORMAT = dwarf;
				ENABLE_STRICT_OBJC_MSGSEND = YES;
				ENABLE_TESTABILITY = YES;
				GCC_C_LANGUAGE_STANDARD = gnu11;
				GCC_DYNAMIC_NO_PIC = NO;
				GCC_NO_COMMON_BLOCKS = YES;
				GCC_OPTIMIZATION_LEVEL = 0;
				GCC_PREPROCESSOR_DEFINITIONS = (
					"DEBUG=1",
					"$(inherited)",
				);
				GCC_WARN_64_TO_32_BIT_CONVERSION = YES;
				GCC_WARN_ABOUT_RETURN_TYPE = YES_ERROR;
				GCC_WARN_UNDECLARED_SELECTOR = YES;
				GCC_WARN_UNINITIALIZED_AUTOS = YES_AGGRESSIVE;
				GCC_WARN_UNUSED_FUNCTION = YES;
				GCC_WARN_UNUSED_VARIABLE = YES;
				MTL_ENABLE_DEBUG_INFO = YES;
				ONLY_ACTIVE_ARCH = YES;
				PRODUCT_NAME = "$(TARGET_NAME)";
			};
			name = Debug;
		};
		C12777B6D4ACD456EB24A66A /* Debug */ = {
			isa = XCBuildConfiguration;
			buildSettings = {
				CODE_SIGN_IDENTITY = "iPhone Developer";
				INFOPLIST_FILE = Derived/InfoPlists/CommonUITests.plist;
				LD_RUNPATH_SEARCH_PATHS = (
					"$(inherited)",
					"@executable_path/Frameworks",
					"@loader_path/Frameworks",
				);
				PRODUCT_BUNDLE_IDENTIFIER = team.io.CommonUITests;
				PRODUCT_NAME = CommonUITests;
				SDKROOT = iphoneos;
				SWIFT_ACTIVE_COMPILATION_CONDITIONS = DEBUG;
				SWIFT_COMPILATION_MODE = singlefile;
				SWIFT_OPTIMIZATION_LEVEL = "-Onone";
				SWIFT_VERSION = 5.6.1;
				TARGETED_DEVICE_FAMILY = "1,2";
			};
			name = Debug;
		};
		CAA8C9394D1FFC3D7E1E2194 /* Release */ = {
			isa = XCBuildConfiguration;
			buildSettings = {
				CODE_SIGN_IDENTITY = "iPhone Developer";
				INFOPLIST_FILE = Derived/InfoPlists/CommonUITests.plist;
				LD_RUNPATH_SEARCH_PATHS = (
					"$(inherited)",
					"@executable_path/Frameworks",
					"@loader_path/Frameworks",
				);
				PRODUCT_BUNDLE_IDENTIFIER = team.io.CommonUITests;
				PRODUCT_NAME = CommonUITests;
				SDKROOT = iphoneos;
				SWIFT_COMPILATION_MODE = wholemodule;
				SWIFT_OPTIMIZATION_LEVEL = "-Owholemodule";
				SWIFT_VERSION = 5.6.1;
				TARGETED_DEVICE_FAMILY = "1,2";
			};
			name = Release;
		};
/* End XCBuildConfiguration section */

/* Begin XCConfigurationList section */
		26B57D5F96290632B0503228 /* Build configuration list for PBXProject "CommonUI" */ = {
			isa = XCConfigurationList;
			buildConfigurations = (
				97D3BBAC2BAA043EAC284BF9 /* Debug */,
				2356568DA9065EA61F6C326C /* Release */,
			);
			defaultConfigurationIsVisible = 0;
			defaultConfigurationName = Release;
		};
		4A0530025CE6E204D4849CF4 /* Build configuration list for PBXNativeTarget "CommonUITests" */ = {
			isa = XCConfigurationList;
			buildConfigurations = (
				C12777B6D4ACD456EB24A66A /* Debug */,
				CAA8C9394D1FFC3D7E1E2194 /* Release */,
			);
			defaultConfigurationIsVisible = 0;
			defaultConfigurationName = Release;
		};
		C1AED4BFC5CCF862DE9E868E /* Build configuration list for PBXNativeTarget "CommonUI" */ = {
			isa = XCConfigurationList;
			buildConfigurations = (
				80E77F13FB31D98A578B4C4D /* Debug */,
				0E4E1CF27F4999888314DD6E /* Release */,
			);
			defaultConfigurationIsVisible = 0;
			defaultConfigurationName = Release;
		};
/* End XCConfigurationList section */
	};
	rootObject = C67E63A1F9DE3A88CFB79F4C /* Project object */;
}
