// !$*UTF8*$!
{
	archiveVersion = 1;
	classes = {
	};
	objectVersion = 55;
	objects = {

/* Begin PBXBuildFile section */
		063E68E24089856E4C562165 /* HomeTests.swift in Sources */ = {isa = PBXBuildFile; fileRef = CADBDBCE22FDE304B4127596 /* HomeTests.swift */; };
		07A2940EBD6DEEE4528E0A34 /* CwlCatchExceptionSupport.framework in Frameworks */ = {isa = PBXBuildFile; fileRef = B2A275D4BF28BB5F7806F384 /* CwlCatchExceptionSupport.framework */; platformFilter = ios; };
		0CD87B661B48F574F7A9FC3B /* ReactorKit.framework in Embed Frameworks */ = {isa = PBXBuildFile; fileRef = CDF05FA7019805A4782C5B7B /* ReactorKit.framework */; platformFilter = ios; settings = {ATTRIBUTES = (CodeSignOnCopy, RemoveHeadersOnCopy, ); }; };
		12D179C64C78BF182DD92F94 /* CwlMachBadInstructionHandler.framework in Frameworks */ = {isa = PBXBuildFile; fileRef = 1C9AFD2FA9FF5C2577E71E03 /* CwlMachBadInstructionHandler.framework */; platformFilter = ios; };
		17541D9BBB3EF49648EC9C0A /* SnapKit.framework in Frameworks */ = {isa = PBXBuildFile; fileRef = 45853054D615EC22DCAE768B /* SnapKit.framework */; platformFilter = ios; };
		17C50ADB788C6CE804DC662F /* RxCocoaRuntime.framework in Embed Frameworks */ = {isa = PBXBuildFile; fileRef = 729FA2B03B5F843DDBD257D2 /* RxCocoaRuntime.framework */; platformFilter = ios; settings = {ATTRIBUTES = (CodeSignOnCopy, RemoveHeadersOnCopy, ); }; };
		19244A5A2D0FE893C8DED1CC /* HomeViewReactor.swift in Sources */ = {isa = PBXBuildFile; fileRef = 6798B3D951E21BDB22AB3252 /* HomeViewReactor.swift */; };
		20DD5A013CCF7FE352DD2F0C /* TuistBundle+HomeDemoApp.swift in Sources */ = {isa = PBXBuildFile; fileRef = E11E3A27BC6B4A51074F7540 /* TuistBundle+HomeDemoApp.swift */; };
		20EFED284E1C0ECE68804B29 /* RxTest.framework in Frameworks */ = {isa = PBXBuildFile; fileRef = B1A0234CC4AB05E3268BBB06 /* RxTest.framework */; platformFilter = ios; };
		269DAC6E999F4D87706612D6 /* Home.framework in Frameworks */ = {isa = PBXBuildFile; fileRef = 9290645AFD421A6E8E0A3C77 /* Home.framework */; platformFilter = ios; };
		2B8F29F0ED90A533AB1AEC24 /* HomeTests.swift in Sources */ = {isa = PBXBuildFile; fileRef = CADBDBCE22FDE304B4127596 /* HomeTests.swift */; };
		33C7D7E0FD90E0B5B90DE5B4 /* HomeViewController.swift in Sources */ = {isa = PBXBuildFile; fileRef = 7CAFEFB4CCEB4FBFFF16CA05 /* HomeViewController.swift */; };
		35445947DD0F492C87C43413 /* ProviderProtocol.swift in Sources */ = {isa = PBXBuildFile; fileRef = 1D0E1AD6493354FDD47E304C /* ProviderProtocol.swift */; };
		36D4C770B139E8D468BEF706 /* RxNimble.framework in Frameworks */ = {isa = PBXBuildFile; fileRef = 4298645DB743A77813E88368 /* RxNimble.framework */; platformFilter = ios; };
		388B993C5DB242D6C11A9648 /* RxTest.framework in Frameworks */ = {isa = PBXBuildFile; fileRef = B1A0234CC4AB05E3268BBB06 /* RxTest.framework */; platformFilter = ios; };
		39A2A4D7BE7C82D7892D0137 /* CommonUI.framework in Embed Frameworks */ = {isa = PBXBuildFile; fileRef = 038A45AFD430A8988F107203 /* CommonUI.framework */; platformFilter = ios; settings = {ATTRIBUTES = (CodeSignOnCopy, RemoveHeadersOnCopy, ); }; };
		3D9260E39E661C61EE79A18C /* RxBlocking.framework in Frameworks */ = {isa = PBXBuildFile; fileRef = 24561330F07D521594459A6A /* RxBlocking.framework */; platformFilter = ios; };
		4BDC7C9C1C995994059344E4 /* CwlPosixPreconditionTesting.framework in Frameworks */ = {isa = PBXBuildFile; fileRef = 1E2D4574EDA014598B0EA356 /* CwlPosixPreconditionTesting.framework */; platformFilter = ios; };
		4EAE74C8F92C1E2D6279CBDD /* Moya.framework in Embed Frameworks */ = {isa = PBXBuildFile; fileRef = E45A37D9EB117BE8E26CCEAF /* Moya.framework */; platformFilter = ios; settings = {ATTRIBUTES = (CodeSignOnCopy, RemoveHeadersOnCopy, ); }; };
		4F46EAC21F40AB2CD1A04FDC /* RxSwift.framework in Frameworks */ = {isa = PBXBuildFile; fileRef = 7AC33FA1CBE648EA8E368396 /* RxSwift.framework */; platformFilter = ios; };
		51858D8AAB78FF111E8BF633 /* CwlPreconditionTesting.framework in Frameworks */ = {isa = PBXBuildFile; fileRef = 260EEB1B86B01DA6A81AB07A /* CwlPreconditionTesting.framework */; platformFilter = ios; };
		5AC0F2E5ECD466C6103594C1 /* ProviderProtocol.swift in Sources */ = {isa = PBXBuildFile; fileRef = 1D0E1AD6493354FDD47E304C /* ProviderProtocol.swift */; };
		5C60EADD2EE58CDE8C6FF2C1 /* Then.framework in Frameworks */ = {isa = PBXBuildFile; fileRef = B9FB11E9C0BBE6CD5E87883B /* Then.framework */; platformFilter = ios; };
		5EB925C56BBC2152A02DEFA7 /* ReactorKit.framework in Frameworks */ = {isa = PBXBuildFile; fileRef = CDF05FA7019805A4782C5B7B /* ReactorKit.framework */; platformFilter = ios; };
		639AF2B0BD002A5C9C11ADFF /* RxCocoa.framework in Embed Frameworks */ = {isa = PBXBuildFile; fileRef = 20F8FDE75AA4AE6596EC8924 /* RxCocoa.framework */; platformFilter = ios; settings = {ATTRIBUTES = (CodeSignOnCopy, RemoveHeadersOnCopy, ); }; };
		65798E27ACC3EAE0D5E0FE25 /* Asset.xcassets in Resources */ = {isa = PBXBuildFile; fileRef = 420FD2BF9D05BBEC40B1CDDE /* Asset.xcassets */; };
		715FD3F84A0B8DA19F5E06E1 /* CwlCatchExceptionSupport.framework in Frameworks */ = {isa = PBXBuildFile; fileRef = B2A275D4BF28BB5F7806F384 /* CwlCatchExceptionSupport.framework */; platformFilter = ios; };
		7C5BFDD655C01B45528B2AF8 /* RxTest.framework in Embed Frameworks */ = {isa = PBXBuildFile; fileRef = B1A0234CC4AB05E3268BBB06 /* RxTest.framework */; platformFilter = ios; settings = {ATTRIBUTES = (CodeSignOnCopy, RemoveHeadersOnCopy, ); }; };
		80E41B22BD46A07B146BD1E7 /* Then.framework in Embed Frameworks */ = {isa = PBXBuildFile; fileRef = B9FB11E9C0BBE6CD5E87883B /* Then.framework */; platformFilter = ios; settings = {ATTRIBUTES = (CodeSignOnCopy, RemoveHeadersOnCopy, ); }; };
		816C8F8B926FAB1CA840A45E /* RxSwift.framework in Embed Frameworks */ = {isa = PBXBuildFile; fileRef = 7AC33FA1CBE648EA8E368396 /* RxSwift.framework */; platformFilter = ios; settings = {ATTRIBUTES = (CodeSignOnCopy, RemoveHeadersOnCopy, ); }; };
		866CB6C7EB9033E940FB7448 /* CwlPosixPreconditionTesting.framework in Frameworks */ = {isa = PBXBuildFile; fileRef = 1E2D4574EDA014598B0EA356 /* CwlPosixPreconditionTesting.framework */; platformFilter = ios; };
		8AE7857AD1043B235061C11C /* RxRelay.framework in Embed Frameworks */ = {isa = PBXBuildFile; fileRef = 17AA2AA8ECCBFBE96DCDBEDC /* RxRelay.framework */; platformFilter = ios; settings = {ATTRIBUTES = (CodeSignOnCopy, RemoveHeadersOnCopy, ); }; };
		8B73B354C47AFCBCE4E7A180 /* HomeAPIProvider.swift in Sources */ = {isa = PBXBuildFile; fileRef = DE85C80A6A59847953B90DD2 /* HomeAPIProvider.swift */; };
		8D47C4D034E929BFC0C5E2D4 /* HomeAPIProvider.swift in Sources */ = {isa = PBXBuildFile; fileRef = DE85C80A6A59847953B90DD2 /* HomeAPIProvider.swift */; };
		910EB185F843011C7F9A9B5F /* TuistBundle+Home.swift in Sources */ = {isa = PBXBuildFile; fileRef = 7FA691B25CAE8B0E1E65FD98 /* TuistBundle+Home.swift */; };
		94029276C56460E16AE4456E /* Home.framework in Frameworks */ = {isa = PBXBuildFile; fileRef = 9290645AFD421A6E8E0A3C77 /* Home.framework */; platformFilter = ios; };
		9571CF6599650B334E248836 /* Nimble.framework in Frameworks */ = {isa = PBXBuildFile; fileRef = 42B7677109108C714F33048E /* Nimble.framework */; platformFilter = ios; };
		9B59FF3F69C633B26064301F /* SnapKit.framework in Embed Frameworks */ = {isa = PBXBuildFile; fileRef = 45853054D615EC22DCAE768B /* SnapKit.framework */; platformFilter = ios; settings = {ATTRIBUTES = (CodeSignOnCopy, RemoveHeadersOnCopy, ); }; };
		9E5E2B3F30DD9698E7DA138C /* HomeViewController.swift in Sources */ = {isa = PBXBuildFile; fileRef = 7CAFEFB4CCEB4FBFFF16CA05 /* HomeViewController.swift */; };
		9ED2C2018B42084CB6C76107 /* CwlMachBadInstructionHandler.framework in Frameworks */ = {isa = PBXBuildFile; fileRef = 1C9AFD2FA9FF5C2577E71E03 /* CwlMachBadInstructionHandler.framework */; platformFilter = ios; };
		A3E300F5BBE00A04896CD9CB /* AppDelegate.swift in Sources */ = {isa = PBXBuildFile; fileRef = 9857DDFD57AE37470690AC80 /* AppDelegate.swift */; };
		A478FF2B0ED66FB770F17628 /* CwlPreconditionTesting.framework in Frameworks */ = {isa = PBXBuildFile; fileRef = 260EEB1B86B01DA6A81AB07A /* CwlPreconditionTesting.framework */; platformFilter = ios; };
		A56CFD7EEBA4E38C65E4446F /* Nimble.framework in Frameworks */ = {isa = PBXBuildFile; fileRef = 42B7677109108C714F33048E /* Nimble.framework */; platformFilter = ios; };
		A815A534E7BEA040621ED045 /* Home.framework in Embed Frameworks */ = {isa = PBXBuildFile; fileRef = 9290645AFD421A6E8E0A3C77 /* Home.framework */; platformFilter = ios; settings = {ATTRIBUTES = (CodeSignOnCopy, RemoveHeadersOnCopy, ); }; };
		A8D7E2F376F2B236FBFB7775 /* CwlCatchException.framework in Frameworks */ = {isa = PBXBuildFile; fileRef = FC9881DBD6B95284DF628CBF /* CwlCatchException.framework */; platformFilter = ios; };
		AA1A51C94BF526002F878644 /* Moya.framework in Frameworks */ = {isa = PBXBuildFile; fileRef = E45A37D9EB117BE8E26CCEAF /* Moya.framework */; platformFilter = ios; };
		AC1C088DE20E00BF54D1081E /* AppDelegate.swift in Sources */ = {isa = PBXBuildFile; fileRef = 9857DDFD57AE37470690AC80 /* AppDelegate.swift */; };
		AF9E1BA7715D0CD8EC802D53 /* CwlCatchException.framework in Frameworks */ = {isa = PBXBuildFile; fileRef = FC9881DBD6B95284DF628CBF /* CwlCatchException.framework */; platformFilter = ios; };
		B7C01240D5125465C3F139EB /* Asset.xcassets in Resources */ = {isa = PBXBuildFile; fileRef = 420FD2BF9D05BBEC40B1CDDE /* Asset.xcassets */; };
		C180B0DD326057098CA31E3C /* RxSwift.framework in Frameworks */ = {isa = PBXBuildFile; fileRef = 7AC33FA1CBE648EA8E368396 /* RxSwift.framework */; platformFilter = ios; };
		C3CF772E6BC77F1C552A8C1A /* RxCocoa.framework in Frameworks */ = {isa = PBXBuildFile; fileRef = 20F8FDE75AA4AE6596EC8924 /* RxCocoa.framework */; platformFilter = ios; };
		C844115AE69692C268125FB8 /* RxNimble.framework in Frameworks */ = {isa = PBXBuildFile; fileRef = 4298645DB743A77813E88368 /* RxNimble.framework */; platformFilter = ios; };
		CE37FCEB8550E970E2019A69 /* User.swift in Sources */ = {isa = PBXBuildFile; fileRef = 0D96595CDA3180A94B700DF7 /* User.swift */; };
		D2FD3E19240B3545AA17E7C2 /* RxBlocking.framework in Frameworks */ = {isa = PBXBuildFile; fileRef = 24561330F07D521594459A6A /* RxBlocking.framework */; platformFilter = ios; };
		D4A49C22EC46A6289670A9BA /* CommonUI.framework in Frameworks */ = {isa = PBXBuildFile; fileRef = 038A45AFD430A8988F107203 /* CommonUI.framework */; platformFilter = ios; };
		D57FDE5B6D33D593026307B3 /* RxSwift.framework in Frameworks */ = {isa = PBXBuildFile; fileRef = 7AC33FA1CBE648EA8E368396 /* RxSwift.framework */; platformFilter = ios; };
		D760DBF6223F2F0A375DDD9E /* Alamofire.framework in Embed Frameworks */ = {isa = PBXBuildFile; fileRef = 5B1A5FAB7ADFFA55459CCD3E /* Alamofire.framework */; platformFilter = ios; settings = {ATTRIBUTES = (CodeSignOnCopy, RemoveHeadersOnCopy, ); }; };
		DD303501E5BF6C4AB355816A /* RxMoya.framework in Frameworks */ = {isa = PBXBuildFile; fileRef = 86CBE6ABD83F406A81DA73C8 /* RxMoya.framework */; platformFilter = ios; };
		DDFD2E06F247B4694D9D5D54 /* TuistAssets+HomeDemoApp.swift in Sources */ = {isa = PBXBuildFile; fileRef = A101AAA1A57D5264E9BBF89D /* TuistAssets+HomeDemoApp.swift */; };
		DE26CDDF18BE558EA4CE9C6C /* HomeAPI.swift in Sources */ = {isa = PBXBuildFile; fileRef = 28BE20648817D15B977A8900 /* HomeAPI.swift */; };
		E0D0A89C3DADDF1557E06596 /* User.swift in Sources */ = {isa = PBXBuildFile; fileRef = 0D96595CDA3180A94B700DF7 /* User.swift */; };
		E2B614582E69571FDB60CA91 /* RxMoya.framework in Embed Frameworks */ = {isa = PBXBuildFile; fileRef = 86CBE6ABD83F406A81DA73C8 /* RxMoya.framework */; platformFilter = ios; settings = {ATTRIBUTES = (CodeSignOnCopy, RemoveHeadersOnCopy, ); }; };
		E4BA0C3F112DAF36AC00DAA4 /* HomeAPI.swift in Sources */ = {isa = PBXBuildFile; fileRef = 28BE20648817D15B977A8900 /* HomeAPI.swift */; };
		E53ED442D64EA80FE8AB4D7C /* HomeViewReactor.swift in Sources */ = {isa = PBXBuildFile; fileRef = 6798B3D951E21BDB22AB3252 /* HomeViewReactor.swift */; };
		E9BDF530EAC8B507C6A2E91B /* RxBlocking.framework in Embed Frameworks */ = {isa = PBXBuildFile; fileRef = 24561330F07D521594459A6A /* RxBlocking.framework */; platformFilter = ios; settings = {ATTRIBUTES = (CodeSignOnCopy, RemoveHeadersOnCopy, ); }; };
		ED16A1CA291356580096232A /* GithubAPI.swift in Sources */ = {isa = PBXBuildFile; fileRef = ED16A1C9291356580096232A /* GithubAPI.swift */; };
		ED16A1CB291356580096232A /* GithubAPI.swift in Sources */ = {isa = PBXBuildFile; fileRef = ED16A1C9291356580096232A /* GithubAPI.swift */; };
		ED16A1CE291357DF0096232A /* APIType.swift in Sources */ = {isa = PBXBuildFile; fileRef = ED16A1CD291357DF0096232A /* APIType.swift */; };
		ED16A1CF291357DF0096232A /* APIType.swift in Sources */ = {isa = PBXBuildFile; fileRef = ED16A1CD291357DF0096232A /* APIType.swift */; };
		ED16A1D1291358EE0096232A /* GitUser.swift in Sources */ = {isa = PBXBuildFile; fileRef = ED16A1D0291358EE0096232A /* GitUser.swift */; };
		ED16A1D2291358EE0096232A /* GitUser.swift in Sources */ = {isa = PBXBuildFile; fileRef = ED16A1D0291358EE0096232A /* GitUser.swift */; };
		ED16A1D429135ABE0096232A /* GitApiService.swift in Sources */ = {isa = PBXBuildFile; fileRef = ED16A1D329135ABE0096232A /* GitApiService.swift */; };
		ED16A1D529135ABE0096232A /* GitApiService.swift in Sources */ = {isa = PBXBuildFile; fileRef = ED16A1D329135ABE0096232A /* GitApiService.swift */; };
		ED16A1D829135AFB0096232A /* ApiResponse.swift in Sources */ = {isa = PBXBuildFile; fileRef = ED16A1D729135AFB0096232A /* ApiResponse.swift */; };
		ED16A1D929135AFB0096232A /* ApiResponse.swift in Sources */ = {isa = PBXBuildFile; fileRef = ED16A1D729135AFB0096232A /* ApiResponse.swift */; };
		ED16A1DB29135C050096232A /* NetworkProvider.swift in Sources */ = {isa = PBXBuildFile; fileRef = ED16A1DA29135C050096232A /* NetworkProvider.swift */; };
		ED16A1DC29135C050096232A /* NetworkProvider.swift in Sources */ = {isa = PBXBuildFile; fileRef = ED16A1DA29135C050096232A /* NetworkProvider.swift */; };
		ED16A1DE29135F780096232A /* APILogger.swift in Sources */ = {isa = PBXBuildFile; fileRef = ED16A1DD29135F780096232A /* APILogger.swift */; };
		ED16A1DF29135F780096232A /* APILogger.swift in Sources */ = {isa = PBXBuildFile; fileRef = ED16A1DD29135F780096232A /* APILogger.swift */; };
		F718A53C6E8924120570A172 /* TuistAssets+Home.swift in Sources */ = {isa = PBXBuildFile; fileRef = 8AF83EC6A20B49726244D577 /* TuistAssets+Home.swift */; };
/* End PBXBuildFile section */

/* Begin PBXContainerItemProxy section */
		8B07B4B34ED27FC964D38202 /* PBXContainerItemProxy */ = {
			isa = PBXContainerItemProxy;
			containerPortal = F648A09DF594BC533BCA5FD3 /* Project object */;
			proxyType = 1;
			remoteGlobalIDString = 52E844066D197E3B81FA748F;
			remoteInfo = Home;
		};
		A54B79DB2760D9ECFD0B6811 /* PBXContainerItemProxy */ = {
			isa = PBXContainerItemProxy;
			containerPortal = F648A09DF594BC533BCA5FD3 /* Project object */;
			proxyType = 1;
			remoteGlobalIDString = 27329F91906B66B8A2D755D1;
			remoteInfo = HomeDemoApp;
		};
		F59260D8476FA45929EC249E /* PBXContainerItemProxy */ = {
			isa = PBXContainerItemProxy;
			containerPortal = F648A09DF594BC533BCA5FD3 /* Project object */;
			proxyType = 1;
			remoteGlobalIDString = 52E844066D197E3B81FA748F;
			remoteInfo = Home;
		};
/* End PBXContainerItemProxy section */

/* Begin PBXCopyFilesBuildPhase section */
		185205340A17756FCC7B4948 /* Embed Frameworks */ = {
			isa = PBXCopyFilesBuildPhase;
			buildActionMask = 2147483647;
			dstPath = "";
			dstSubfolderSpec = 10;
			files = (
				D760DBF6223F2F0A375DDD9E /* Alamofire.framework in Embed Frameworks */,
				39A2A4D7BE7C82D7892D0137 /* CommonUI.framework in Embed Frameworks */,
				A815A534E7BEA040621ED045 /* Home.framework in Embed Frameworks */,
				4EAE74C8F92C1E2D6279CBDD /* Moya.framework in Embed Frameworks */,
				0CD87B661B48F574F7A9FC3B /* ReactorKit.framework in Embed Frameworks */,
				639AF2B0BD002A5C9C11ADFF /* RxCocoa.framework in Embed Frameworks */,
				17C50ADB788C6CE804DC662F /* RxCocoaRuntime.framework in Embed Frameworks */,
				E2B614582E69571FDB60CA91 /* RxMoya.framework in Embed Frameworks */,
				8AE7857AD1043B235061C11C /* RxRelay.framework in Embed Frameworks */,
				816C8F8B926FAB1CA840A45E /* RxSwift.framework in Embed Frameworks */,
				9B59FF3F69C633B26064301F /* SnapKit.framework in Embed Frameworks */,
				80E41B22BD46A07B146BD1E7 /* Then.framework in Embed Frameworks */,
			);
			name = "Embed Frameworks";
			runOnlyForDeploymentPostprocessing = 0;
		};
		3C28B78DE981ED6F9F6774E2 /* Embed Frameworks */ = {
			isa = PBXCopyFilesBuildPhase;
			buildActionMask = 2147483647;
			dstPath = "";
			dstSubfolderSpec = 10;
			files = (
			);
			name = "Embed Frameworks";
			runOnlyForDeploymentPostprocessing = 0;
		};
		44EC9B7A48472227EBB1328A /* Embed Frameworks */ = {
			isa = PBXCopyFilesBuildPhase;
			buildActionMask = 2147483647;
			dstPath = "";
			dstSubfolderSpec = 10;
			files = (
				E9BDF530EAC8B507C6A2E91B /* RxBlocking.framework in Embed Frameworks */,
				7C5BFDD655C01B45528B2AF8 /* RxTest.framework in Embed Frameworks */,
			);
			name = "Embed Frameworks";
			runOnlyForDeploymentPostprocessing = 0;
		};
		724F10C18B84459D2E88EF10 /* Embed Frameworks */ = {
			isa = PBXCopyFilesBuildPhase;
			buildActionMask = 2147483647;
			dstPath = "";
			dstSubfolderSpec = 10;
			files = (
			);
			name = "Embed Frameworks";
			runOnlyForDeploymentPostprocessing = 0;
		};
/* End PBXCopyFilesBuildPhase section */

/* Begin PBXFileReference section */
		016FDC511C6D703D44CFE3D6 /* HomeTests-Info.plist */ = {isa = PBXFileReference; lastKnownFileType = text.plist; path = "HomeTests-Info.plist"; sourceTree = "<group>"; };
		038A45AFD430A8988F107203 /* CommonUI.framework */ = {isa = PBXFileReference; explicitFileType = wrapper.framework; includeInIndex = 0; path = CommonUI.framework; sourceTree = BUILT_PRODUCTS_DIR; };
		0D96595CDA3180A94B700DF7 /* User.swift */ = {isa = PBXFileReference; lastKnownFileType = sourcecode.swift; path = User.swift; sourceTree = "<group>"; };
		17AA2AA8ECCBFBE96DCDBEDC /* RxRelay.framework */ = {isa = PBXFileReference; explicitFileType = wrapper.framework; includeInIndex = 0; path = RxRelay.framework; sourceTree = BUILT_PRODUCTS_DIR; };
		1C9AFD2FA9FF5C2577E71E03 /* CwlMachBadInstructionHandler.framework */ = {isa = PBXFileReference; explicitFileType = wrapper.framework; includeInIndex = 0; path = CwlMachBadInstructionHandler.framework; sourceTree = BUILT_PRODUCTS_DIR; };
		1D0E1AD6493354FDD47E304C /* ProviderProtocol.swift */ = {isa = PBXFileReference; lastKnownFileType = sourcecode.swift; path = ProviderProtocol.swift; sourceTree = "<group>"; };
		1E2D4574EDA014598B0EA356 /* CwlPosixPreconditionTesting.framework */ = {isa = PBXFileReference; explicitFileType = wrapper.framework; includeInIndex = 0; path = CwlPosixPreconditionTesting.framework; sourceTree = BUILT_PRODUCTS_DIR; };
		20F8FDE75AA4AE6596EC8924 /* RxCocoa.framework */ = {isa = PBXFileReference; explicitFileType = wrapper.framework; includeInIndex = 0; path = RxCocoa.framework; sourceTree = BUILT_PRODUCTS_DIR; };
		24561330F07D521594459A6A /* RxBlocking.framework */ = {isa = PBXFileReference; explicitFileType = wrapper.framework; includeInIndex = 0; path = RxBlocking.framework; sourceTree = BUILT_PRODUCTS_DIR; };
		260EEB1B86B01DA6A81AB07A /* CwlPreconditionTesting.framework */ = {isa = PBXFileReference; explicitFileType = wrapper.framework; includeInIndex = 0; path = CwlPreconditionTesting.framework; sourceTree = BUILT_PRODUCTS_DIR; };
		28BE20648817D15B977A8900 /* HomeAPI.swift */ = {isa = PBXFileReference; lastKnownFileType = sourcecode.swift; path = HomeAPI.swift; sourceTree = "<group>"; };
		3E27707CF3AF39D07540B293 /* HomeTests.xctest */ = {isa = PBXFileReference; explicitFileType = wrapper.cfbundle; includeInIndex = 0; path = HomeTests.xctest; sourceTree = BUILT_PRODUCTS_DIR; };
		420FD2BF9D05BBEC40B1CDDE /* Asset.xcassets */ = {isa = PBXFileReference; lastKnownFileType = folder.assetcatalog; path = Asset.xcassets; sourceTree = "<group>"; };
		4298645DB743A77813E88368 /* RxNimble.framework */ = {isa = PBXFileReference; explicitFileType = wrapper.framework; includeInIndex = 0; path = RxNimble.framework; sourceTree = BUILT_PRODUCTS_DIR; };
		42B7677109108C714F33048E /* Nimble.framework */ = {isa = PBXFileReference; explicitFileType = wrapper.framework; includeInIndex = 0; path = Nimble.framework; sourceTree = BUILT_PRODUCTS_DIR; };
		45853054D615EC22DCAE768B /* SnapKit.framework */ = {isa = PBXFileReference; explicitFileType = wrapper.framework; includeInIndex = 0; path = SnapKit.framework; sourceTree = BUILT_PRODUCTS_DIR; };
		5B1A5FAB7ADFFA55459CCD3E /* Alamofire.framework */ = {isa = PBXFileReference; explicitFileType = wrapper.framework; includeInIndex = 0; path = Alamofire.framework; sourceTree = BUILT_PRODUCTS_DIR; };
		61EC700930D1096A1F12C0D7 /* Home-Info.plist */ = {isa = PBXFileReference; lastKnownFileType = text.plist; path = "Home-Info.plist"; sourceTree = "<group>"; };
		629E20C6891273A7CF91DABE /* HomeDemoApp-Info.plist */ = {isa = PBXFileReference; lastKnownFileType = text.plist; path = "HomeDemoApp-Info.plist"; sourceTree = "<group>"; };
		6798B3D951E21BDB22AB3252 /* HomeViewReactor.swift */ = {isa = PBXFileReference; lastKnownFileType = sourcecode.swift; path = HomeViewReactor.swift; sourceTree = "<group>"; };
		71FC9F6A7008B4E96E4221F8 /* HomeDemoApp.app */ = {isa = PBXFileReference; explicitFileType = wrapper.application; includeInIndex = 0; path = HomeDemoApp.app; sourceTree = BUILT_PRODUCTS_DIR; };
		729FA2B03B5F843DDBD257D2 /* RxCocoaRuntime.framework */ = {isa = PBXFileReference; explicitFileType = wrapper.framework; includeInIndex = 0; path = RxCocoaRuntime.framework; sourceTree = BUILT_PRODUCTS_DIR; };
		7AC33FA1CBE648EA8E368396 /* RxSwift.framework */ = {isa = PBXFileReference; explicitFileType = wrapper.framework; includeInIndex = 0; path = RxSwift.framework; sourceTree = BUILT_PRODUCTS_DIR; };
		7CAFEFB4CCEB4FBFFF16CA05 /* HomeViewController.swift */ = {isa = PBXFileReference; lastKnownFileType = sourcecode.swift; path = HomeViewController.swift; sourceTree = "<group>"; };
		7FA691B25CAE8B0E1E65FD98 /* TuistBundle+Home.swift */ = {isa = PBXFileReference; lastKnownFileType = sourcecode.swift; path = "TuistBundle+Home.swift"; sourceTree = "<group>"; };
		86CBE6ABD83F406A81DA73C8 /* RxMoya.framework */ = {isa = PBXFileReference; explicitFileType = wrapper.framework; includeInIndex = 0; path = RxMoya.framework; sourceTree = BUILT_PRODUCTS_DIR; };
		8AF83EC6A20B49726244D577 /* TuistAssets+Home.swift */ = {isa = PBXFileReference; lastKnownFileType = sourcecode.swift; path = "TuistAssets+Home.swift"; sourceTree = "<group>"; };
		9290645AFD421A6E8E0A3C77 /* Home.framework */ = {isa = PBXFileReference; explicitFileType = wrapper.framework; includeInIndex = 0; path = Home.framework; sourceTree = BUILT_PRODUCTS_DIR; };
		9857DDFD57AE37470690AC80 /* AppDelegate.swift */ = {isa = PBXFileReference; lastKnownFileType = sourcecode.swift; path = AppDelegate.swift; sourceTree = "<group>"; };
		A101AAA1A57D5264E9BBF89D /* TuistAssets+HomeDemoApp.swift */ = {isa = PBXFileReference; lastKnownFileType = sourcecode.swift; path = "TuistAssets+HomeDemoApp.swift"; sourceTree = "<group>"; };
		B1A0234CC4AB05E3268BBB06 /* RxTest.framework */ = {isa = PBXFileReference; explicitFileType = wrapper.framework; includeInIndex = 0; path = RxTest.framework; sourceTree = BUILT_PRODUCTS_DIR; };
		B2A275D4BF28BB5F7806F384 /* CwlCatchExceptionSupport.framework */ = {isa = PBXFileReference; explicitFileType = wrapper.framework; includeInIndex = 0; path = CwlCatchExceptionSupport.framework; sourceTree = BUILT_PRODUCTS_DIR; };
		B9FB11E9C0BBE6CD5E87883B /* Then.framework */ = {isa = PBXFileReference; explicitFileType = wrapper.framework; includeInIndex = 0; path = Then.framework; sourceTree = BUILT_PRODUCTS_DIR; };
		C980296AF91C6591FE6284E0 /* HomeDemoAppTests-Info.plist */ = {isa = PBXFileReference; lastKnownFileType = text.plist; path = "HomeDemoAppTests-Info.plist"; sourceTree = "<group>"; };
		CADBDBCE22FDE304B4127596 /* HomeTests.swift */ = {isa = PBXFileReference; lastKnownFileType = sourcecode.swift; path = HomeTests.swift; sourceTree = "<group>"; };
		CDF05FA7019805A4782C5B7B /* ReactorKit.framework */ = {isa = PBXFileReference; explicitFileType = wrapper.framework; includeInIndex = 0; path = ReactorKit.framework; sourceTree = BUILT_PRODUCTS_DIR; };
		DE85C80A6A59847953B90DD2 /* HomeAPIProvider.swift */ = {isa = PBXFileReference; lastKnownFileType = sourcecode.swift; path = HomeAPIProvider.swift; sourceTree = "<group>"; };
		E11E3A27BC6B4A51074F7540 /* TuistBundle+HomeDemoApp.swift */ = {isa = PBXFileReference; lastKnownFileType = sourcecode.swift; path = "TuistBundle+HomeDemoApp.swift"; sourceTree = "<group>"; };
		E45A37D9EB117BE8E26CCEAF /* Moya.framework */ = {isa = PBXFileReference; explicitFileType = wrapper.framework; includeInIndex = 0; path = Moya.framework; sourceTree = BUILT_PRODUCTS_DIR; };
		EC3F84F9CB9590F8FFD68572 /* HomeDemoAppTests.xctest */ = {isa = PBXFileReference; explicitFileType = wrapper.cfbundle; includeInIndex = 0; path = HomeDemoAppTests.xctest; sourceTree = BUILT_PRODUCTS_DIR; };
		ED16A1C9291356580096232A /* GithubAPI.swift */ = {isa = PBXFileReference; lastKnownFileType = sourcecode.swift; path = GithubAPI.swift; sourceTree = "<group>"; };
		ED16A1CD291357DF0096232A /* APIType.swift */ = {isa = PBXFileReference; lastKnownFileType = sourcecode.swift; path = APIType.swift; sourceTree = "<group>"; };
		ED16A1D0291358EE0096232A /* GitUser.swift */ = {isa = PBXFileReference; lastKnownFileType = sourcecode.swift; path = GitUser.swift; sourceTree = "<group>"; };
		ED16A1D329135ABE0096232A /* GitApiService.swift */ = {isa = PBXFileReference; lastKnownFileType = sourcecode.swift; path = GitApiService.swift; sourceTree = "<group>"; };
		ED16A1D729135AFB0096232A /* ApiResponse.swift */ = {isa = PBXFileReference; lastKnownFileType = sourcecode.swift; path = ApiResponse.swift; sourceTree = "<group>"; };
		ED16A1DA29135C050096232A /* NetworkProvider.swift */ = {isa = PBXFileReference; lastKnownFileType = sourcecode.swift; path = NetworkProvider.swift; sourceTree = "<group>"; wrapsLines = 0; };
		ED16A1DD29135F780096232A /* APILogger.swift */ = {isa = PBXFileReference; lastKnownFileType = sourcecode.swift; path = APILogger.swift; sourceTree = "<group>"; };
		FC9881DBD6B95284DF628CBF /* CwlCatchException.framework */ = {isa = PBXFileReference; explicitFileType = wrapper.framework; includeInIndex = 0; path = CwlCatchException.framework; sourceTree = BUILT_PRODUCTS_DIR; };
/* End PBXFileReference section */

/* Begin PBXFrameworksBuildPhase section */
		93DFC1CC58A511FD5A963739 /* Frameworks */ = {
			isa = PBXFrameworksBuildPhase;
			buildActionMask = 2147483647;
			files = (
				AF9E1BA7715D0CD8EC802D53 /* CwlCatchException.framework in Frameworks */,
				07A2940EBD6DEEE4528E0A34 /* CwlCatchExceptionSupport.framework in Frameworks */,
				9ED2C2018B42084CB6C76107 /* CwlMachBadInstructionHandler.framework in Frameworks */,
				866CB6C7EB9033E940FB7448 /* CwlPosixPreconditionTesting.framework in Frameworks */,
				A478FF2B0ED66FB770F17628 /* CwlPreconditionTesting.framework in Frameworks */,
				9571CF6599650B334E248836 /* Nimble.framework in Frameworks */,
				D2FD3E19240B3545AA17E7C2 /* RxBlocking.framework in Frameworks */,
				C844115AE69692C268125FB8 /* RxNimble.framework in Frameworks */,
				4F46EAC21F40AB2CD1A04FDC /* RxSwift.framework in Frameworks */,
				388B993C5DB242D6C11A9648 /* RxTest.framework in Frameworks */,
			);
			runOnlyForDeploymentPostprocessing = 0;
		};
		989FE4D10E5FABD20EDC2D85 /* Frameworks */ = {
			isa = PBXFrameworksBuildPhase;
			buildActionMask = 2147483647;
			files = (
				D4A49C22EC46A6289670A9BA /* CommonUI.framework in Frameworks */,
				AA1A51C94BF526002F878644 /* Moya.framework in Frameworks */,
				5EB925C56BBC2152A02DEFA7 /* ReactorKit.framework in Frameworks */,
				C3CF772E6BC77F1C552A8C1A /* RxCocoa.framework in Frameworks */,
				DD303501E5BF6C4AB355816A /* RxMoya.framework in Frameworks */,
				C180B0DD326057098CA31E3C /* RxSwift.framework in Frameworks */,
				17541D9BBB3EF49648EC9C0A /* SnapKit.framework in Frameworks */,
				5C60EADD2EE58CDE8C6FF2C1 /* Then.framework in Frameworks */,
			);
			runOnlyForDeploymentPostprocessing = 0;
		};
		CCD768744455C16AB755568E /* Frameworks */ = {
			isa = PBXFrameworksBuildPhase;
			buildActionMask = 2147483647;
			files = (
				94029276C56460E16AE4456E /* Home.framework in Frameworks */,
			);
			runOnlyForDeploymentPostprocessing = 0;
		};
		D2D1CD11E151DABAE249ECD8 /* Frameworks */ = {
			isa = PBXFrameworksBuildPhase;
			buildActionMask = 2147483647;
			files = (
				A8D7E2F376F2B236FBFB7775 /* CwlCatchException.framework in Frameworks */,
				715FD3F84A0B8DA19F5E06E1 /* CwlCatchExceptionSupport.framework in Frameworks */,
				12D179C64C78BF182DD92F94 /* CwlMachBadInstructionHandler.framework in Frameworks */,
				4BDC7C9C1C995994059344E4 /* CwlPosixPreconditionTesting.framework in Frameworks */,
				51858D8AAB78FF111E8BF633 /* CwlPreconditionTesting.framework in Frameworks */,
				269DAC6E999F4D87706612D6 /* Home.framework in Frameworks */,
				A56CFD7EEBA4E38C65E4446F /* Nimble.framework in Frameworks */,
				3D9260E39E661C61EE79A18C /* RxBlocking.framework in Frameworks */,
				36D4C770B139E8D468BEF706 /* RxNimble.framework in Frameworks */,
				D57FDE5B6D33D593026307B3 /* RxSwift.framework in Frameworks */,
				20EFED284E1C0ECE68804B29 /* RxTest.framework in Frameworks */,
			);
			runOnlyForDeploymentPostprocessing = 0;
		};
/* End PBXFrameworksBuildPhase section */

/* Begin PBXGroup section */
		156072FA40260C0FBAAE35F3 /* Products */ = {
			isa = PBXGroup;
			children = (
				5B1A5FAB7ADFFA55459CCD3E /* Alamofire.framework */,
				038A45AFD430A8988F107203 /* CommonUI.framework */,
				FC9881DBD6B95284DF628CBF /* CwlCatchException.framework */,
				B2A275D4BF28BB5F7806F384 /* CwlCatchExceptionSupport.framework */,
				1C9AFD2FA9FF5C2577E71E03 /* CwlMachBadInstructionHandler.framework */,
				1E2D4574EDA014598B0EA356 /* CwlPosixPreconditionTesting.framework */,
				260EEB1B86B01DA6A81AB07A /* CwlPreconditionTesting.framework */,
				9290645AFD421A6E8E0A3C77 /* Home.framework */,
				71FC9F6A7008B4E96E4221F8 /* HomeDemoApp.app */,
				EC3F84F9CB9590F8FFD68572 /* HomeDemoAppTests.xctest */,
				3E27707CF3AF39D07540B293 /* HomeTests.xctest */,
				E45A37D9EB117BE8E26CCEAF /* Moya.framework */,
				42B7677109108C714F33048E /* Nimble.framework */,
				CDF05FA7019805A4782C5B7B /* ReactorKit.framework */,
				24561330F07D521594459A6A /* RxBlocking.framework */,
				20F8FDE75AA4AE6596EC8924 /* RxCocoa.framework */,
				729FA2B03B5F843DDBD257D2 /* RxCocoaRuntime.framework */,
				86CBE6ABD83F406A81DA73C8 /* RxMoya.framework */,
				4298645DB743A77813E88368 /* RxNimble.framework */,
				17AA2AA8ECCBFBE96DCDBEDC /* RxRelay.framework */,
				7AC33FA1CBE648EA8E368396 /* RxSwift.framework */,
				B1A0234CC4AB05E3268BBB06 /* RxTest.framework */,
				45853054D615EC22DCAE768B /* SnapKit.framework */,
				B9FB11E9C0BBE6CD5E87883B /* Then.framework */,
			);
			name = Products;
			sourceTree = "<group>";
		};
		400DC7E225B26D6ADA5EE8F1 /* Tests */ = {
			isa = PBXGroup;
			children = (
				CADBDBCE22FDE304B4127596 /* HomeTests.swift */,
			);
			path = Tests;
			sourceTree = "<group>";
		};
		440337F7B58BC84FCBC5A96E /* Frameworks */ = {
			isa = PBXGroup;
			children = (
			);
			name = Frameworks;
			sourceTree = "<group>";
		};
		6CD65BC487D9998FB8FEDE3F /* Resources */ = {
			isa = PBXGroup;
			children = (
				420FD2BF9D05BBEC40B1CDDE /* Asset.xcassets */,
			);
			path = Resources;
			sourceTree = "<group>";
		};
		70BB71A4919E9DCCA3DEA54A /* Derived */ = {
			isa = PBXGroup;
			children = (
				C7DAD5517A15CCB12559D52C /* InfoPlists */,
				826AD2047568D60C79FD69F5 /* Sources */,
			);
			path = Derived;
			sourceTree = "<group>";
		};
		7EE17195DCED3B55274927B6 = {
			isa = PBXGroup;
			children = (
				A0406DFCF5F3BCA58AF39988 /* Project */,
				440337F7B58BC84FCBC5A96E /* Frameworks */,
				156072FA40260C0FBAAE35F3 /* Products */,
			);
			sourceTree = "<group>";
		};
		826AD2047568D60C79FD69F5 /* Sources */ = {
			isa = PBXGroup;
			children = (
				8AF83EC6A20B49726244D577 /* TuistAssets+Home.swift */,
				A101AAA1A57D5264E9BBF89D /* TuistAssets+HomeDemoApp.swift */,
				7FA691B25CAE8B0E1E65FD98 /* TuistBundle+Home.swift */,
				E11E3A27BC6B4A51074F7540 /* TuistBundle+HomeDemoApp.swift */,
			);
			path = Sources;
			sourceTree = "<group>";
		};
		9DA1382A9039998FF59508ED /* API */ = {
			isa = PBXGroup;
			children = (
				ED16A1E0291362AE0096232A /* HomeAPI */,
				ED16A1D629135AE90096232A /* Base */,
				ED16A1CC291357D10096232A /* GitAPI */,
			);
			path = API;
			sourceTree = "<group>";
		};
		A0406DFCF5F3BCA58AF39988 /* Project */ = {
			isa = PBXGroup;
			children = (
				70BB71A4919E9DCCA3DEA54A /* Derived */,
				6CD65BC487D9998FB8FEDE3F /* Resources */,
				B74810073A3D8A4993EE22B2 /* Sources */,
				400DC7E225B26D6ADA5EE8F1 /* Tests */,
			);
			name = Project;
			sourceTree = "<group>";
		};
		B74810073A3D8A4993EE22B2 /* Sources */ = {
			isa = PBXGroup;
			children = (
				9DA1382A9039998FF59508ED /* API */,
				9857DDFD57AE37470690AC80 /* AppDelegate.swift */,
				7CAFEFB4CCEB4FBFFF16CA05 /* HomeViewController.swift */,
				6798B3D951E21BDB22AB3252 /* HomeViewReactor.swift */,
			);
			path = Sources;
			sourceTree = "<group>";
		};
		C7DAD5517A15CCB12559D52C /* InfoPlists */ = {
			isa = PBXGroup;
			children = (
				61EC700930D1096A1F12C0D7 /* Home-Info.plist */,
				629E20C6891273A7CF91DABE /* HomeDemoApp-Info.plist */,
				C980296AF91C6591FE6284E0 /* HomeDemoAppTests-Info.plist */,
				016FDC511C6D703D44CFE3D6 /* HomeTests-Info.plist */,
			);
			path = InfoPlists;
			sourceTree = "<group>";
		};
		ED16A1CC291357D10096232A /* GitAPI */ = {
			isa = PBXGroup;
			children = (
				ED16A1C9291356580096232A /* GithubAPI.swift */,
				ED16A1D0291358EE0096232A /* GitUser.swift */,
				ED16A1D329135ABE0096232A /* GitApiService.swift */,
			);
			path = GitAPI;
			sourceTree = "<group>";
		};
		ED16A1D629135AE90096232A /* Base */ = {
			isa = PBXGroup;
			children = (
				ED16A1CD291357DF0096232A /* APIType.swift */,
				ED16A1D729135AFB0096232A /* ApiResponse.swift */,
				ED16A1DA29135C050096232A /* NetworkProvider.swift */,
				ED16A1DD29135F780096232A /* APILogger.swift */,
			);
			path = Base;
			sourceTree = "<group>";
		};
		ED16A1E0291362AE0096232A /* HomeAPI */ = {
			isa = PBXGroup;
			children = (
				28BE20648817D15B977A8900 /* HomeAPI.swift */,
				DE85C80A6A59847953B90DD2 /* HomeAPIProvider.swift */,
				1D0E1AD6493354FDD47E304C /* ProviderProtocol.swift */,
				0D96595CDA3180A94B700DF7 /* User.swift */,
			);
			path = HomeAPI;
			sourceTree = "<group>";
		};
/* End PBXGroup section */

/* Begin PBXNativeTarget section */
		27329F91906B66B8A2D755D1 /* HomeDemoApp */ = {
			isa = PBXNativeTarget;
			buildConfigurationList = 35D2C30C0D44824E956D72E4 /* Build configuration list for PBXNativeTarget "HomeDemoApp" */;
			buildPhases = (
				A7874D24B6DC993E4AF30657 /* Sources */,
				61C66258604D858112F1E33E /* Resources */,
				185205340A17756FCC7B4948 /* Embed Frameworks */,
				CCD768744455C16AB755568E /* Frameworks */,
			);
			buildRules = (
			);
			dependencies = (
				D4D9349CAA7E0C7C2F180278 /* PBXTargetDependency */,
			);
			name = HomeDemoApp;
			productName = HomeDemoApp;
			productReference = 71FC9F6A7008B4E96E4221F8 /* HomeDemoApp.app */;
			productType = "com.apple.product-type.application";
		};
		52E844066D197E3B81FA748F /* Home */ = {
			isa = PBXNativeTarget;
			buildConfigurationList = B53DD812B90D6329E3432A7A /* Build configuration list for PBXNativeTarget "Home" */;
			buildPhases = (
				2B21B3A2EC9193465C060BAD /* Sources */,
				0C6214A8F4021BA62D8E98E9 /* Resources */,
				3C28B78DE981ED6F9F6774E2 /* Embed Frameworks */,
				989FE4D10E5FABD20EDC2D85 /* Frameworks */,
			);
			buildRules = (
			);
			dependencies = (
			);
			name = Home;
			productName = Home;
			productReference = 9290645AFD421A6E8E0A3C77 /* Home.framework */;
			productType = "com.apple.product-type.framework";
		};
		AF31213DA71B06E9B09EA3F0 /* HomeTests */ = {
			isa = PBXNativeTarget;
			buildConfigurationList = C15959F489528457DA19444D /* Build configuration list for PBXNativeTarget "HomeTests" */;
			buildPhases = (
				4CC58563C7B5AE74252419D8 /* Sources */,
				95C7AAA080E708276A8F09A7 /* Resources */,
				724F10C18B84459D2E88EF10 /* Embed Frameworks */,
				D2D1CD11E151DABAE249ECD8 /* Frameworks */,
			);
			buildRules = (
			);
			dependencies = (
				E36DF25B0B5D8E224B93FC24 /* PBXTargetDependency */,
			);
			name = HomeTests;
			productName = HomeTests;
			productReference = 3E27707CF3AF39D07540B293 /* HomeTests.xctest */;
			productType = "com.apple.product-type.bundle.unit-test";
		};
		D46DE6B0B5F2A6D274B7D0CF /* HomeDemoAppTests */ = {
			isa = PBXNativeTarget;
			buildConfigurationList = 5461216E770ECFC7D25A40B4 /* Build configuration list for PBXNativeTarget "HomeDemoAppTests" */;
			buildPhases = (
				A43D6D106B0BEF0B60D6340E /* Sources */,
				BC2A0B174571A8B2F26C4505 /* Resources */,
				44EC9B7A48472227EBB1328A /* Embed Frameworks */,
				93DFC1CC58A511FD5A963739 /* Frameworks */,
			);
			buildRules = (
			);
			dependencies = (
				131BD1EC562F9BC812352E61 /* PBXTargetDependency */,
			);
			name = HomeDemoAppTests;
			productName = HomeDemoAppTests;
			productReference = EC3F84F9CB9590F8FFD68572 /* HomeDemoAppTests.xctest */;
			productType = "com.apple.product-type.bundle.unit-test";
		};
/* End PBXNativeTarget section */

/* Begin PBXProject section */
		F648A09DF594BC533BCA5FD3 /* Project object */ = {
			isa = PBXProject;
			attributes = {
				ORGANIZATIONNAME = team.io;
				TargetAttributes = {
					D46DE6B0B5F2A6D274B7D0CF = {
						TestTargetID = 27329F91906B66B8A2D755D1;
					};
				};
			};
			buildConfigurationList = AA685C1613CFBDFB4ED6BAE7 /* Build configuration list for PBXProject "Home" */;
			compatibilityVersion = "Xcode 13.0";
			developmentRegion = en;
			hasScannedForEncodings = 0;
			knownRegions = (
				Base,
				en,
			);
			mainGroup = 7EE17195DCED3B55274927B6;
			productRefGroup = 156072FA40260C0FBAAE35F3 /* Products */;
			projectDirPath = "";
			projectRoot = "";
			targets = (
				27329F91906B66B8A2D755D1 /* HomeDemoApp */,
				D46DE6B0B5F2A6D274B7D0CF /* HomeDemoAppTests */,
				52E844066D197E3B81FA748F /* Home */,
				AF31213DA71B06E9B09EA3F0 /* HomeTests */,
			);
		};
/* End PBXProject section */

/* Begin PBXResourcesBuildPhase section */
		0C6214A8F4021BA62D8E98E9 /* Resources */ = {
			isa = PBXResourcesBuildPhase;
			buildActionMask = 2147483647;
			files = (
				65798E27ACC3EAE0D5E0FE25 /* Asset.xcassets in Resources */,
			);
			runOnlyForDeploymentPostprocessing = 0;
		};
		61C66258604D858112F1E33E /* Resources */ = {
			isa = PBXResourcesBuildPhase;
			buildActionMask = 2147483647;
			files = (
				B7C01240D5125465C3F139EB /* Asset.xcassets in Resources */,
			);
			runOnlyForDeploymentPostprocessing = 0;
		};
		95C7AAA080E708276A8F09A7 /* Resources */ = {
			isa = PBXResourcesBuildPhase;
			buildActionMask = 2147483647;
			files = (
			);
			runOnlyForDeploymentPostprocessing = 0;
		};
		BC2A0B174571A8B2F26C4505 /* Resources */ = {
			isa = PBXResourcesBuildPhase;
			buildActionMask = 2147483647;
			files = (
			);
			runOnlyForDeploymentPostprocessing = 0;
		};
/* End PBXResourcesBuildPhase section */

/* Begin PBXSourcesBuildPhase section */
		2B21B3A2EC9193465C060BAD /* Sources */ = {
			isa = PBXSourcesBuildPhase;
			buildActionMask = 2147483647;
			files = (
				F718A53C6E8924120570A172 /* TuistAssets+Home.swift in Sources */,
				ED16A1CB291356580096232A /* GithubAPI.swift in Sources */,
				ED16A1D529135ABE0096232A /* GitApiService.swift in Sources */,
				ED16A1D929135AFB0096232A /* ApiResponse.swift in Sources */,
				ED16A1DF29135F780096232A /* APILogger.swift in Sources */,
				910EB185F843011C7F9A9B5F /* TuistBundle+Home.swift in Sources */,
				ED16A1D2291358EE0096232A /* GitUser.swift in Sources */,
				E4BA0C3F112DAF36AC00DAA4 /* HomeAPI.swift in Sources */,
				ED16A1CF291357DF0096232A /* APIType.swift in Sources */,
				8B73B354C47AFCBCE4E7A180 /* HomeAPIProvider.swift in Sources */,
				35445947DD0F492C87C43413 /* ProviderProtocol.swift in Sources */,
				CE37FCEB8550E970E2019A69 /* User.swift in Sources */,
				AC1C088DE20E00BF54D1081E /* AppDelegate.swift in Sources */,
				9E5E2B3F30DD9698E7DA138C /* HomeViewController.swift in Sources */,
				19244A5A2D0FE893C8DED1CC /* HomeViewReactor.swift in Sources */,
				ED16A1DC29135C050096232A /* NetworkProvider.swift in Sources */,
			);
			runOnlyForDeploymentPostprocessing = 0;
		};
		4CC58563C7B5AE74252419D8 /* Sources */ = {
			isa = PBXSourcesBuildPhase;
			buildActionMask = 2147483647;
			files = (
				2B8F29F0ED90A533AB1AEC24 /* HomeTests.swift in Sources */,
			);
			runOnlyForDeploymentPostprocessing = 0;
		};
		A43D6D106B0BEF0B60D6340E /* Sources */ = {
			isa = PBXSourcesBuildPhase;
			buildActionMask = 2147483647;
			files = (
				063E68E24089856E4C562165 /* HomeTests.swift in Sources */,
			);
			runOnlyForDeploymentPostprocessing = 0;
		};
		A7874D24B6DC993E4AF30657 /* Sources */ = {
			isa = PBXSourcesBuildPhase;
			buildActionMask = 2147483647;
			files = (
				DDFD2E06F247B4694D9D5D54 /* TuistAssets+HomeDemoApp.swift in Sources */,
				ED16A1CA291356580096232A /* GithubAPI.swift in Sources */,
				ED16A1D429135ABE0096232A /* GitApiService.swift in Sources */,
				ED16A1D829135AFB0096232A /* ApiResponse.swift in Sources */,
				ED16A1DE29135F780096232A /* APILogger.swift in Sources */,
				20DD5A013CCF7FE352DD2F0C /* TuistBundle+HomeDemoApp.swift in Sources */,
				ED16A1D1291358EE0096232A /* GitUser.swift in Sources */,
				DE26CDDF18BE558EA4CE9C6C /* HomeAPI.swift in Sources */,
				ED16A1CE291357DF0096232A /* APIType.swift in Sources */,
				8D47C4D034E929BFC0C5E2D4 /* HomeAPIProvider.swift in Sources */,
				5AC0F2E5ECD466C6103594C1 /* ProviderProtocol.swift in Sources */,
				E0D0A89C3DADDF1557E06596 /* User.swift in Sources */,
				A3E300F5BBE00A04896CD9CB /* AppDelegate.swift in Sources */,
				33C7D7E0FD90E0B5B90DE5B4 /* HomeViewController.swift in Sources */,
				E53ED442D64EA80FE8AB4D7C /* HomeViewReactor.swift in Sources */,
				ED16A1DB29135C050096232A /* NetworkProvider.swift in Sources */,
			);
			runOnlyForDeploymentPostprocessing = 0;
		};
/* End PBXSourcesBuildPhase section */

/* Begin PBXTargetDependency section */
		131BD1EC562F9BC812352E61 /* PBXTargetDependency */ = {
			isa = PBXTargetDependency;
			name = HomeDemoApp;
			target = 27329F91906B66B8A2D755D1 /* HomeDemoApp */;
			targetProxy = A54B79DB2760D9ECFD0B6811 /* PBXContainerItemProxy */;
		};
		D4D9349CAA7E0C7C2F180278 /* PBXTargetDependency */ = {
			isa = PBXTargetDependency;
			name = Home;
			target = 52E844066D197E3B81FA748F /* Home */;
			targetProxy = 8B07B4B34ED27FC964D38202 /* PBXContainerItemProxy */;
		};
		E36DF25B0B5D8E224B93FC24 /* PBXTargetDependency */ = {
			isa = PBXTargetDependency;
			name = Home;
			target = 52E844066D197E3B81FA748F /* Home */;
			targetProxy = F59260D8476FA45929EC249E /* PBXContainerItemProxy */;
		};
/* End PBXTargetDependency section */

/* Begin XCBuildConfiguration section */
		0A9386ED5427C3BAF81DB4D4 /* Release */ = {
			isa = XCBuildConfiguration;
			buildSettings = {
				ASSETCATALOG_COMPILER_APPICON_NAME = AppIcon;
				CODE_SIGN_IDENTITY = "iPhone Developer";
				ENABLE_PREVIEWS = YES;
				INFOPLIST_FILE = "Derived/InfoPlists/HomeDemoApp-Info.plist";
				IPHONEOS_DEPLOYMENT_TARGET = 14.0;
				LD_RUNPATH_SEARCH_PATHS = (
					"$(inherited)",
					"@executable_path/Frameworks",
				);
				PRODUCT_BUNDLE_IDENTIFIER = team.io.HomeDemoApp;
				PRODUCT_NAME = HomeDemoApp;
				SDKROOT = iphoneos;
				SUPPORTS_MACCATALYST = NO;
				SWIFT_COMPILATION_MODE = wholemodule;
				SWIFT_OPTIMIZATION_LEVEL = "-Owholemodule";
				SWIFT_VERSION = 5.0;
				TARGETED_DEVICE_FAMILY = 1;
			};
			name = Release;
		};
		1B0052CC5DCDA316E217CB85 /* Debug */ = {
			isa = XCBuildConfiguration;
			buildSettings = {
				CODE_SIGN_IDENTITY = "";
				CURRENT_PROJECT_VERSION = 1;
				DEFINES_MODULE = YES;
				DYLIB_COMPATIBILITY_VERSION = 1;
				DYLIB_CURRENT_VERSION = 1;
				DYLIB_INSTALL_NAME_BASE = "@rpath";
				INFOPLIST_FILE = "Derived/InfoPlists/Home-Info.plist";
				INSTALL_PATH = "$(LOCAL_LIBRARY_DIR)/Frameworks";
				IPHONEOS_DEPLOYMENT_TARGET = 14.0;
				LD_RUNPATH_SEARCH_PATHS = (
					"$(inherited)",
					"@executable_path/Frameworks",
					"@loader_path/Frameworks",
				);
				PRODUCT_BUNDLE_IDENTIFIER = team.io.Home;
				PRODUCT_NAME = Home;
				SDKROOT = iphoneos;
				SKIP_INSTALL = YES;
				SUPPORTS_MACCATALYST = NO;
				SWIFT_ACTIVE_COMPILATION_CONDITIONS = DEBUG;
				SWIFT_COMPILATION_MODE = singlefile;
				SWIFT_OPTIMIZATION_LEVEL = "-Onone";
				SWIFT_VERSION = 5.0;
				TARGETED_DEVICE_FAMILY = 1;
				VERSIONING_SYSTEM = "apple-generic";
				VERSION_INFO_PREFIX = "";
			};
			name = Debug;
		};
		3F56A6EFEEEBC34294264B67 /* Release */ = {
			isa = XCBuildConfiguration;
			buildSettings = {
				BUNDLE_LOADER = "$(TEST_HOST)";
				CODE_SIGN_IDENTITY = "iPhone Developer";
				INFOPLIST_FILE = "Derived/InfoPlists/HomeDemoAppTests-Info.plist";
				LD_RUNPATH_SEARCH_PATHS = (
					"$(inherited)",
					"@executable_path/Frameworks",
					"@loader_path/Frameworks",
				);
				OTHER_CFLAGS = (
					"$(inherited)",
					"-fmodule-map-file=$(SRCROOT)/../../Tuist/Dependencies/SwiftPackageManager/.build/checkouts/CwlCatchException/Sources/CwlCatchExceptionSupport/include/CwlCatchExceptionSupport.modulemap",
				);
				OTHER_SWIFT_FLAGS = "$(inherited) -Xcc -fmodule-map-file=$(SRCROOT)/../../Tuist/Dependencies/SwiftPackageManager/.build/checkouts/CwlCatchException/Sources/CwlCatchExceptionSupport/include/CwlCatchExceptionSupport.modulemap";
				PRODUCT_BUNDLE_IDENTIFIER = team.io.Tests;
				PRODUCT_NAME = HomeDemoAppTests;
				SDKROOT = iphoneos;
				SWIFT_COMPILATION_MODE = wholemodule;
				SWIFT_OPTIMIZATION_LEVEL = "-Owholemodule";
				SWIFT_VERSION = 5.0;
				TARGETED_DEVICE_FAMILY = "1,2";
				TEST_HOST = "$(BUILT_PRODUCTS_DIR)/HomeDemoApp.app/HomeDemoApp";
				TEST_TARGET_NAME = HomeDemoApp;
			};
			name = Release;
		};
		5B23AD7BA110686AF5014647 /* Debug */ = {
			isa = XCBuildConfiguration;
			buildSettings = {
				ALWAYS_SEARCH_USER_PATHS = NO;
				CLANG_ANALYZER_LOCALIZABILITY_NONLOCALIZED = YES;
				CLANG_ANALYZER_NONNULL = YES;
				CLANG_ANALYZER_NUMBER_OBJECT_CONVERSION = YES_AGGRESSIVE;
				CLANG_CXX_LANGUAGE_STANDARD = "gnu++14";
				CLANG_CXX_LIBRARY = "libc++";
				CLANG_ENABLE_MODULES = YES;
				CLANG_ENABLE_OBJC_ARC = YES;
				CLANG_ENABLE_OBJC_WEAK = YES;
				CLANG_WARN_BLOCK_CAPTURE_AUTORELEASING = YES;
				CLANG_WARN_BOOL_CONVERSION = YES;
				CLANG_WARN_COMMA = YES;
				CLANG_WARN_CONSTANT_CONVERSION = YES;
				CLANG_WARN_DEPRECATED_OBJC_IMPLEMENTATIONS = YES;
				CLANG_WARN_DIRECT_OBJC_ISA_USAGE = YES_ERROR;
				CLANG_WARN_DOCUMENTATION_COMMENTS = YES;
				CLANG_WARN_EMPTY_BODY = YES;
				CLANG_WARN_ENUM_CONVERSION = YES;
				CLANG_WARN_INFINITE_RECURSION = YES;
				CLANG_WARN_INT_CONVERSION = YES;
				CLANG_WARN_NON_LITERAL_NULL_CONVERSION = YES;
				CLANG_WARN_OBJC_IMPLICIT_RETAIN_SELF = YES;
				CLANG_WARN_OBJC_LITERAL_CONVERSION = YES;
				CLANG_WARN_OBJC_ROOT_CLASS = YES_ERROR;
				CLANG_WARN_QUOTED_INCLUDE_IN_FRAMEWORK_HEADER = YES;
				CLANG_WARN_RANGE_LOOP_ANALYSIS = YES;
				CLANG_WARN_STRICT_PROTOTYPES = YES;
				CLANG_WARN_SUSPICIOUS_MOVE = YES;
				CLANG_WARN_UNGUARDED_AVAILABILITY = YES_AGGRESSIVE;
				CLANG_WARN_UNREACHABLE_CODE = YES;
				CLANG_WARN__DUPLICATE_METHOD_MATCH = YES;
				COPY_PHASE_STRIP = NO;
				DEAD_CODE_STRIPPING = YES;
				DEBUG_INFORMATION_FORMAT = dwarf;
				ENABLE_STRICT_OBJC_MSGSEND = YES;
				ENABLE_TESTABILITY = YES;
				GCC_C_LANGUAGE_STANDARD = gnu11;
				GCC_DYNAMIC_NO_PIC = NO;
				GCC_NO_COMMON_BLOCKS = YES;
				GCC_OPTIMIZATION_LEVEL = 0;
				GCC_PREPROCESSOR_DEFINITIONS = (
					"DEBUG=1",
					"$(inherited)",
				);
				GCC_WARN_64_TO_32_BIT_CONVERSION = YES;
				GCC_WARN_ABOUT_RETURN_TYPE = YES_ERROR;
				GCC_WARN_UNDECLARED_SELECTOR = YES;
				GCC_WARN_UNINITIALIZED_AUTOS = YES_AGGRESSIVE;
				GCC_WARN_UNUSED_FUNCTION = YES;
				GCC_WARN_UNUSED_VARIABLE = YES;
				MTL_ENABLE_DEBUG_INFO = YES;
				ONLY_ACTIVE_ARCH = YES;
				PRODUCT_NAME = "$(TARGET_NAME)";
			};
			name = Debug;
		};
		607B34EBCBF51C7CB43B3860 /* Debug */ = {
			isa = XCBuildConfiguration;
			buildSettings = {
				BUNDLE_LOADER = "$(TEST_HOST)";
				CODE_SIGN_IDENTITY = "iPhone Developer";
				INFOPLIST_FILE = "Derived/InfoPlists/HomeDemoAppTests-Info.plist";
				LD_RUNPATH_SEARCH_PATHS = (
					"$(inherited)",
					"@executable_path/Frameworks",
					"@loader_path/Frameworks",
				);
				OTHER_CFLAGS = (
					"$(inherited)",
					"-fmodule-map-file=$(SRCROOT)/../../Tuist/Dependencies/SwiftPackageManager/.build/checkouts/CwlCatchException/Sources/CwlCatchExceptionSupport/include/CwlCatchExceptionSupport.modulemap",
				);
				OTHER_SWIFT_FLAGS = "$(inherited) -Xcc -fmodule-map-file=$(SRCROOT)/../../Tuist/Dependencies/SwiftPackageManager/.build/checkouts/CwlCatchException/Sources/CwlCatchExceptionSupport/include/CwlCatchExceptionSupport.modulemap";
				PRODUCT_BUNDLE_IDENTIFIER = team.io.Tests;
				PRODUCT_NAME = HomeDemoAppTests;
				SDKROOT = iphoneos;
				SWIFT_ACTIVE_COMPILATION_CONDITIONS = DEBUG;
				SWIFT_COMPILATION_MODE = singlefile;
				SWIFT_OPTIMIZATION_LEVEL = "-Onone";
				SWIFT_VERSION = 5.0;
				TARGETED_DEVICE_FAMILY = "1,2";
				TEST_HOST = "$(BUILT_PRODUCTS_DIR)/HomeDemoApp.app/HomeDemoApp";
				TEST_TARGET_NAME = HomeDemoApp;
			};
			name = Debug;
		};
		84BBFEEEE47541F06F85950D /* Debug */ = {
			isa = XCBuildConfiguration;
			buildSettings = {
				ASSETCATALOG_COMPILER_APPICON_NAME = AppIcon;
				CODE_SIGN_IDENTITY = "iPhone Developer";
				ENABLE_PREVIEWS = YES;
				INFOPLIST_FILE = "Derived/InfoPlists/HomeDemoApp-Info.plist";
				IPHONEOS_DEPLOYMENT_TARGET = 14.0;
				LD_RUNPATH_SEARCH_PATHS = (
					"$(inherited)",
					"@executable_path/Frameworks",
				);
				PRODUCT_BUNDLE_IDENTIFIER = team.io.HomeDemoApp;
				PRODUCT_NAME = HomeDemoApp;
				SDKROOT = iphoneos;
				SUPPORTS_MACCATALYST = NO;
				SWIFT_ACTIVE_COMPILATION_CONDITIONS = DEBUG;
				SWIFT_COMPILATION_MODE = singlefile;
				SWIFT_OPTIMIZATION_LEVEL = "-Onone";
				SWIFT_VERSION = 5.0;
				TARGETED_DEVICE_FAMILY = 1;
			};
			name = Debug;
		};
		A0D499078A2C717F0427DEEC /* Release */ = {
			isa = XCBuildConfiguration;
			buildSettings = {
				CODE_SIGN_IDENTITY = "";
				CURRENT_PROJECT_VERSION = 1;
				DEFINES_MODULE = YES;
				DYLIB_COMPATIBILITY_VERSION = 1;
				DYLIB_CURRENT_VERSION = 1;
				DYLIB_INSTALL_NAME_BASE = "@rpath";
				INFOPLIST_FILE = "Derived/InfoPlists/Home-Info.plist";
				INSTALL_PATH = "$(LOCAL_LIBRARY_DIR)/Frameworks";
				IPHONEOS_DEPLOYMENT_TARGET = 14.0;
				LD_RUNPATH_SEARCH_PATHS = (
					"$(inherited)",
					"@executable_path/Frameworks",
					"@loader_path/Frameworks",
				);
				PRODUCT_BUNDLE_IDENTIFIER = team.io.Home;
				PRODUCT_NAME = Home;
				SDKROOT = iphoneos;
				SKIP_INSTALL = YES;
				SUPPORTS_MACCATALYST = NO;
				SWIFT_COMPILATION_MODE = wholemodule;
				SWIFT_OPTIMIZATION_LEVEL = "-Owholemodule";
				SWIFT_VERSION = 5.0;
				TARGETED_DEVICE_FAMILY = 1;
				VERSIONING_SYSTEM = "apple-generic";
				VERSION_INFO_PREFIX = "";
			};
			name = Release;
		};
		A319B01445FC0CE1927E3317 /* Release */ = {
			isa = XCBuildConfiguration;
			buildSettings = {
				CODE_SIGN_IDENTITY = "iPhone Developer";
				INFOPLIST_FILE = "Derived/InfoPlists/HomeTests-Info.plist";
				LD_RUNPATH_SEARCH_PATHS = (
					"$(inherited)",
					"@executable_path/Frameworks",
					"@loader_path/Frameworks",
				);
				OTHER_CFLAGS = (
					"$(inherited)",
					"-fmodule-map-file=$(SRCROOT)/../../Tuist/Dependencies/SwiftPackageManager/.build/checkouts/CwlCatchException/Sources/CwlCatchExceptionSupport/include/CwlCatchExceptionSupport.modulemap",
				);
				OTHER_SWIFT_FLAGS = "$(inherited) -Xcc -fmodule-map-file=$(SRCROOT)/../../Tuist/Dependencies/SwiftPackageManager/.build/checkouts/CwlCatchException/Sources/CwlCatchExceptionSupport/include/CwlCatchExceptionSupport.modulemap";
				PRODUCT_BUNDLE_IDENTIFIER = team.io.HomeTests;
				PRODUCT_NAME = HomeTests;
				SDKROOT = iphoneos;
				SWIFT_COMPILATION_MODE = wholemodule;
				SWIFT_OPTIMIZATION_LEVEL = "-Owholemodule";
				SWIFT_VERSION = 5.0;
				TARGETED_DEVICE_FAMILY = "1,2";
			};
			name = Release;
		};
		E9972A5C63F9283C539E1E33 /* Debug */ = {
			isa = XCBuildConfiguration;
			buildSettings = {
				CODE_SIGN_IDENTITY = "iPhone Developer";
				INFOPLIST_FILE = "Derived/InfoPlists/HomeTests-Info.plist";
				LD_RUNPATH_SEARCH_PATHS = (
					"$(inherited)",
					"@executable_path/Frameworks",
					"@loader_path/Frameworks",
				);
				OTHER_CFLAGS = (
					"$(inherited)",
					"-fmodule-map-file=$(SRCROOT)/../../Tuist/Dependencies/SwiftPackageManager/.build/checkouts/CwlCatchException/Sources/CwlCatchExceptionSupport/include/CwlCatchExceptionSupport.modulemap",
				);
				OTHER_SWIFT_FLAGS = "$(inherited) -Xcc -fmodule-map-file=$(SRCROOT)/../../Tuist/Dependencies/SwiftPackageManager/.build/checkouts/CwlCatchException/Sources/CwlCatchExceptionSupport/include/CwlCatchExceptionSupport.modulemap";
				PRODUCT_BUNDLE_IDENTIFIER = team.io.HomeTests;
				PRODUCT_NAME = HomeTests;
				SDKROOT = iphoneos;
				SWIFT_ACTIVE_COMPILATION_CONDITIONS = DEBUG;
				SWIFT_COMPILATION_MODE = singlefile;
				SWIFT_OPTIMIZATION_LEVEL = "-Onone";
				SWIFT_VERSION = 5.0;
				TARGETED_DEVICE_FAMILY = "1,2";
			};
			name = Debug;
		};
		EBE000C2C15A2514D251F457 /* Release */ = {
			isa = XCBuildConfiguration;
			buildSettings = {
				ALWAYS_SEARCH_USER_PATHS = NO;
				CLANG_ANALYZER_LOCALIZABILITY_NONLOCALIZED = YES;
				CLANG_ANALYZER_NONNULL = YES;
				CLANG_ANALYZER_NUMBER_OBJECT_CONVERSION = YES_AGGRESSIVE;
				CLANG_CXX_LANGUAGE_STANDARD = "gnu++14";
				CLANG_CXX_LIBRARY = "libc++";
				CLANG_ENABLE_MODULES = YES;
				CLANG_ENABLE_OBJC_ARC = YES;
				CLANG_ENABLE_OBJC_WEAK = YES;
				CLANG_WARN_BLOCK_CAPTURE_AUTORELEASING = YES;
				CLANG_WARN_BOOL_CONVERSION = YES;
				CLANG_WARN_COMMA = YES;
				CLANG_WARN_CONSTANT_CONVERSION = YES;
				CLANG_WARN_DEPRECATED_OBJC_IMPLEMENTATIONS = YES;
				CLANG_WARN_DIRECT_OBJC_ISA_USAGE = YES_ERROR;
				CLANG_WARN_DOCUMENTATION_COMMENTS = YES;
				CLANG_WARN_EMPTY_BODY = YES;
				CLANG_WARN_ENUM_CONVERSION = YES;
				CLANG_WARN_INFINITE_RECURSION = YES;
				CLANG_WARN_INT_CONVERSION = YES;
				CLANG_WARN_NON_LITERAL_NULL_CONVERSION = YES;
				CLANG_WARN_OBJC_IMPLICIT_RETAIN_SELF = YES;
				CLANG_WARN_OBJC_LITERAL_CONVERSION = YES;
				CLANG_WARN_OBJC_ROOT_CLASS = YES_ERROR;
				CLANG_WARN_QUOTED_INCLUDE_IN_FRAMEWORK_HEADER = YES;
				CLANG_WARN_RANGE_LOOP_ANALYSIS = YES;
				CLANG_WARN_STRICT_PROTOTYPES = YES;
				CLANG_WARN_SUSPICIOUS_MOVE = YES;
				CLANG_WARN_UNGUARDED_AVAILABILITY = YES_AGGRESSIVE;
				CLANG_WARN_UNREACHABLE_CODE = YES;
				CLANG_WARN__DUPLICATE_METHOD_MATCH = YES;
				COPY_PHASE_STRIP = NO;
				DEAD_CODE_STRIPPING = YES;
				DEBUG_INFORMATION_FORMAT = "dwarf-with-dsym";
				ENABLE_NS_ASSERTIONS = NO;
				ENABLE_STRICT_OBJC_MSGSEND = YES;
				GCC_C_LANGUAGE_STANDARD = gnu11;
				GCC_NO_COMMON_BLOCKS = YES;
				GCC_WARN_64_TO_32_BIT_CONVERSION = YES;
				GCC_WARN_ABOUT_RETURN_TYPE = YES_ERROR;
				GCC_WARN_UNDECLARED_SELECTOR = YES;
				GCC_WARN_UNINITIALIZED_AUTOS = YES_AGGRESSIVE;
				GCC_WARN_UNUSED_FUNCTION = YES;
				GCC_WARN_UNUSED_VARIABLE = YES;
				MTL_ENABLE_DEBUG_INFO = NO;
				PRODUCT_NAME = "$(TARGET_NAME)";
				VALIDATE_PRODUCT = YES;
			};
			name = Release;
		};
/* End XCBuildConfiguration section */

/* Begin XCConfigurationList section */
		35D2C30C0D44824E956D72E4 /* Build configuration list for PBXNativeTarget "HomeDemoApp" */ = {
			isa = XCConfigurationList;
			buildConfigurations = (
				84BBFEEEE47541F06F85950D /* Debug */,
				0A9386ED5427C3BAF81DB4D4 /* Release */,
			);
			defaultConfigurationIsVisible = 0;
			defaultConfigurationName = Release;
		};
		5461216E770ECFC7D25A40B4 /* Build configuration list for PBXNativeTarget "HomeDemoAppTests" */ = {
			isa = XCConfigurationList;
			buildConfigurations = (
				607B34EBCBF51C7CB43B3860 /* Debug */,
				3F56A6EFEEEBC34294264B67 /* Release */,
			);
			defaultConfigurationIsVisible = 0;
			defaultConfigurationName = Release;
		};
		AA685C1613CFBDFB4ED6BAE7 /* Build configuration list for PBXProject "Home" */ = {
			isa = XCConfigurationList;
			buildConfigurations = (
				5B23AD7BA110686AF5014647 /* Debug */,
				EBE000C2C15A2514D251F457 /* Release */,
			);
			defaultConfigurationIsVisible = 0;
			defaultConfigurationName = Release;
		};
		B53DD812B90D6329E3432A7A /* Build configuration list for PBXNativeTarget "Home" */ = {
			isa = XCConfigurationList;
			buildConfigurations = (
				1B0052CC5DCDA316E217CB85 /* Debug */,
				A0D499078A2C717F0427DEEC /* Release */,
			);
			defaultConfigurationIsVisible = 0;
			defaultConfigurationName = Release;
		};
		C15959F489528457DA19444D /* Build configuration list for PBXNativeTarget "HomeTests" */ = {
			isa = XCConfigurationList;
			buildConfigurations = (
				E9972A5C63F9283C539E1E33 /* Debug */,
				A319B01445FC0CE1927E3317 /* Release */,
			);
			defaultConfigurationIsVisible = 0;
			defaultConfigurationName = Release;
		};
/* End XCConfigurationList section */
	};
	rootObject = F648A09DF594BC533BCA5FD3 /* Project object */;
}
